{
  "version": "4",
  "redirects": {
    "https://deno.land/std/async/delay.ts": "https://deno.land/std@0.224.0/async/delay.ts",
    "https://deno.land/std/encoding/base64.ts": "https://deno.land/std@0.224.0/encoding/base64.ts",
    "https://deno.land/std/flags/mod.ts": "https://deno.land/std@0.224.0/flags/mod.ts"
  },
  "remote": {
    "https://deno.land/std@0.224.0/assert/assert_exists.ts": "43420cf7f956748ae6ed1230646567b3593cb7a36c5a5327269279c870c5ddfd",
    "https://deno.land/std@0.224.0/assert/assertion_error.ts": "ba8752bd27ebc51f723702fac2f54d3e94447598f54264a6653d6413738a8917",
    "https://deno.land/std@0.224.0/async/delay.ts": "f90dd685b97c2f142b8069082993e437b1602b8e2561134827eeb7c12b95c499",
    "https://deno.land/std@0.224.0/encoding/_util.ts": "beacef316c1255da9bc8e95afb1fa56ed69baef919c88dc06ae6cb7a6103d376",
    "https://deno.land/std@0.224.0/encoding/base64.ts": "dd59695391584c8ffc5a296ba82bcdba6dd8a84d41a6a539fbee8e5075286eaf",
    "https://deno.land/std@0.224.0/flags/mod.ts": "88553267f34519c8982212185339efdb2d2e62c159ec558f47eb50c8952a6be3"
  },
  "workspace": {
    "packageJson": {
      "dependencies": [
        "npm:@pulumi/docker@^4.6.1",
        "npm:@pulumi/kubernetes@^4.21.0",
        "npm:@pulumi/pulumi@^3.146.0",
        "npm:@types/node@18",
        "npm:express@^4.21.2",
        "npm:serve-favicon@^2.5.0",
        "npm:typescript@5",
        "npm:ws@^8.18.0"
      ]
    }
  }
}
