{
  "version": 4,
  "terraform_version": "1.5.7",
  "serial": 13,
  "lineage": "b96470d9-17ab-b2c9-141b-841577d0fae4",
  "outputs": {
    "kubectl_command": {
      "value": "gcloud container clusters get-credentials my-gke-cluster-pulumi --region us-central1 --project developer-test-02",
      "type": "string"
    }
  },
  "resources": [
    {
      "mode": "data",
      "type": "google_client_config",
      "name": "default",
      "provider": "provider[\"registry.terraform.io/hashicorp/google\"]",
      "instances": [
        {
          "schema_version": 0,
          "attributes": {
            "access_token": "ya29.c.c0ASRK0GYn_-PW-vNn2qV41xEH8NkMgwMgzhdqhhNgixvxyd_7mf9CUO-PkNBRNOO6qz65idignAArClagSrjKzsQ4YmL64gjo2OYzHsIz17lJFnT7S_4qnBY7W126pRHJM41VufxXtBEm0YXFSyPNIzGM7qdbbu1rzPi9DG6Bu1uSpOhd4kRdH9sNv0x_9CgLNJKnB3KpsQrdCfb0_2rTLxzgbVksZOfbnGpIYU2Hi3xA6QKPStfKvXB2N74VT7HKatcVxX6Kcs9f3NOqUM6JqOUOl7KYcvZ3adayBIS9uUYwouZljvRfneEkaloobFaFMgEelNifjz2wBKE3JJWNvoHWLoNVaDcxwZszd8GJ1udjqTLaPcxjC6YUH385AlproFF40pZehmQsFkIoVBO1t-SZ0pxaxS37Wxt8huxFJo6hpowqY6SWMmqWpBMoV3eSf-YZul2r3uul1o9YQe8U6qWJ2q6--JnpFamk6Qut7kb54xXXRzJa6Skaf_yeISs4XXbYlnyZ0aRoMrzi5tIUcIhJabz-Wl9udyWmYgh8jSfr--khcf2eIy72dhB7dj1YVaX5hllU93pOevuQWhZIjwoXYZoMoJmmqo-pYZvIWYn2zUJRW2nM3h6I4k_mfYioXdIM2u3gJb2rUrRYlWOVa28hahpQhWQzrRgcBBtBFMQnpW4Y1MghypvpkjZhWUwcMt9-l3nh-ybfe0O5igz5z3ahnO7xl__cV2iQvYoXsksIqqbz_vggMZ044oX_52q9oZqJMWB7wiM0hBB_mVe-_8-Q5loWwfBOqhIogXoFy4812lBd9tlpdsqvmkX0Bz0d3IIF76f-lRn9hoa1uIBOsUW0b21bXdpWOpV9QSx2Zeyjxuw0cv_JY1l628O776tyw4hI0B4qO1gura3RrVsmIsixlbgZnVS46dVbia_25eiZaUYyz5JeVt45smUU-4yV4Jgf5h4ocQdoe7XlwM8wIQbOJ7znp9l9mRejMU02SmaJnj2ucVyap8O",
            "default_labels": {},
            "id": "projects/developer-test-02/regions/us-central1/zones/",
            "project": "developer-test-02",
            "region": "us-central1",
            "zone": ""
          },
          "sensitive_attributes": []
        }
      ]
    },
    {
      "mode": "managed",
      "type": "helm_release",
      "name": "nginx_ingress",
      "provider": "provider[\"registry.terraform.io/hashicorp/helm\"]",
      "instances": [
        {
          "schema_version": 1,
          "attributes": {
            "atomic": false,
            "chart": "ingress-nginx",
            "cleanup_on_fail": false,
            "create_namespace": true,
            "dependency_update": false,
            "description": null,
            "devel": null,
            "disable_crd_hooks": false,
            "disable_openapi_validation": false,
            "disable_webhooks": false,
            "force_update": false,
            "id": "nginx-ingress",
            "keyring": null,
            "lint": false,
            "manifest": null,
            "max_history": 0,
            "metadata": [
              {
                "app_version": "1.8.1",
                "chart": "ingress-nginx",
                "first_deployed": 1737439278,
                "last_deployed": 1737439278,
                "name": "nginx-ingress",
                "namespace": "ingress-nginx",
                "notes": "The ingress-nginx controller has been installed.\nIt may take a few minutes for the LoadBalancer IP to be available.\nYou can watch the status by running 'kubectl --namespace ingress-nginx get services -o wide -w nginx-ingress-ingress-nginx-controller'\n\nAn example Ingress that makes use of the controller:\n  apiVersion: networking.k8s.io/v1\n  kind: Ingress\n  metadata:\n    name: example\n    namespace: foo\n  spec:\n    ingressClassName: nginx\n    rules:\n      - host: www.example.com\n        http:\n          paths:\n            - pathType: Prefix\n              backend:\n                service:\n                  name: exampleService\n                  port:\n                    number: 80\n              path: /\n    # This section is only required if TLS is to be enabled for the Ingress\n    tls:\n      - hosts:\n        - www.example.com\n        secretName: example-tls\n\nIf TLS is enabled for the Ingress, a Secret containing the certificate and key must also be provided:\n\n  apiVersion: v1\n  kind: Secret\n  metadata:\n    name: example-tls\n    namespace: foo\n  data:\n    tls.crt: \u003cbase64 encoded cert\u003e\n    tls.key: \u003cbase64 encoded key\u003e\n  type: kubernetes.io/tls\n",
                "revision": 1,
                "values": "{}",
                "version": "4.7.1"
              }
            ],
            "name": "nginx-ingress",
            "namespace": "ingress-nginx",
            "pass_credentials": false,
            "postrender": [],
            "recreate_pods": false,
            "render_subchart_notes": true,
            "replace": false,
            "repository": "https://kubernetes.github.io/ingress-nginx",
            "repository_ca_file": null,
            "repository_cert_file": null,
            "repository_key_file": null,
            "repository_password": null,
            "repository_username": null,
            "reset_values": false,
            "reuse_values": false,
            "set": [],
            "set_list": [],
            "set_sensitive": [],
            "skip_crds": false,
            "status": "deployed",
            "timeout": 300,
            "upgrade_install": null,
            "values": null,
            "verify": false,
            "version": "4.7.1",
            "wait": true,
            "wait_for_jobs": false
          },
          "sensitive_attributes": [],
          "private": "eyJzY2hlbWFfdmVyc2lvbiI6IjEifQ==",
          "dependencies": [
            "data.google_client_config.default",
            "module.gke.data.google_compute_zones.available",
            "module.gke.data.google_container_engine_versions.region",
            "module.gke.data.google_container_engine_versions.zone",
            "module.gke.google_container_cluster.primary",
            "module.gke.google_container_node_pool.pools",
            "module.gke.google_service_account.cluster_service_account",
            "module.gke.random_shuffle.available_zones",
            "module.gke.random_string.cluster_service_account_suffix"
          ]
        }
      ]
    },
    {
      "mode": "managed",
      "type": "kubernetes_deployment",
      "name": "websocket_demo",
      "provider": "provider[\"registry.terraform.io/hashicorp/kubernetes\"]",
      "instances": [
        {
          "schema_version": 1,
          "attributes": {
            "id": "default/websocket-demo-deployment",
            "metadata": [
              {
                "annotations": null,
                "generate_name": "",
                "generation": 1,
                "labels": {
                  "app": "websocket-demo"
                },
                "name": "websocket-demo-deployment",
                "namespace": "default",
                "resource_version": "4545",
                "uid": "a7b9072a-c0a5-46e2-86fe-e9d98826a8ad"
              }
            ],
            "spec": [
              {
                "min_ready_seconds": 0,
                "paused": false,
                "progress_deadline_seconds": 600,
                "replicas": "1",
                "revision_history_limit": 10,
                "selector": [
                  {
                    "match_expressions": [],
                    "match_labels": {
                      "app": "websocket-demo"
                    }
                  }
                ],
                "strategy": [
                  {
                    "rolling_update": [
                      {
                        "max_surge": "25%",
                        "max_unavailable": "25%"
                      }
                    ],
                    "type": "RollingUpdate"
                  }
                ],
                "template": [
                  {
                    "metadata": [
                      {
                        "annotations": null,
                        "generate_name": "",
                        "generation": 0,
                        "labels": {
                          "app": "websocket-demo"
                        },
                        "name": "",
                        "namespace": "",
                        "resource_version": "",
                        "uid": ""
                      }
                    ],
                    "spec": [
                      {
                        "active_deadline_seconds": 0,
                        "affinity": [],
                        "automount_service_account_token": true,
                        "container": [
                          {
                            "args": null,
                            "command": null,
                            "env": [],
                            "env_from": [],
                            "image": "miguelemos/websocket:latest",
                            "image_pull_policy": "Always",
                            "lifecycle": [],
                            "liveness_probe": [],
                            "name": "websocket-demo",
                            "port": [
                              {
                                "container_port": 8080,
                                "host_ip": "",
                                "host_port": 0,
                                "name": "",
                                "protocol": "TCP"
                              }
                            ],
                            "readiness_probe": [],
                            "resources": [
                              {
                                "limits": {},
                                "requests": {}
                              }
                            ],
                            "security_context": [],
                            "startup_probe": [],
                            "stdin": false,
                            "stdin_once": false,
                            "termination_message_path": "/dev/termination-log",
                            "termination_message_policy": "File",
                            "tty": false,
                            "volume_device": [],
                            "volume_mount": [],
                            "working_dir": ""
                          }
                        ],
                        "dns_config": [],
                        "dns_policy": "ClusterFirst",
                        "enable_service_links": true,
                        "host_aliases": [],
                        "host_ipc": false,
                        "host_network": false,
                        "host_pid": false,
                        "hostname": "",
                        "image_pull_secrets": [],
                        "init_container": [],
                        "node_name": "",
                        "node_selector": null,
                        "os": [],
                        "priority_class_name": "",
                        "readiness_gate": [],
                        "restart_policy": "Always",
                        "runtime_class_name": "",
                        "scheduler_name": "default-scheduler",
                        "security_context": [],
                        "service_account_name": "",
                        "share_process_namespace": false,
                        "subdomain": "",
                        "termination_grace_period_seconds": 30,
                        "toleration": [],
                        "topology_spread_constraint": [],
                        "volume": []
                      }
                    ]
                  }
                ]
              }
            ],
            "timeouts": null,
            "wait_for_rollout": true
          },
          "sensitive_attributes": [],
          "private": "eyJlMmJmYjczMC1lY2FhLTExZTYtOGY4OC0zNDM2M2JjN2M0YzAiOnsiY3JlYXRlIjo2MDAwMDAwMDAwMDAsImRlbGV0ZSI6NjAwMDAwMDAwMDAwLCJ1cGRhdGUiOjYwMDAwMDAwMDAwMH0sInNjaGVtYV92ZXJzaW9uIjoiMSJ9",
          "dependencies": [
            "data.google_client_config.default",
            "helm_release.nginx_ingress",
            "module.gke.data.google_compute_subnetwork.gke_subnetwork",
            "module.gke.data.google_compute_zones.available",
            "module.gke.data.google_container_engine_versions.region",
            "module.gke.data.google_container_engine_versions.zone",
            "module.gke.google_compute_firewall.intra_egress",
            "module.gke.google_compute_firewall.master_webhooks",
            "module.gke.google_compute_firewall.shadow_allow_inkubelet",
            "module.gke.google_compute_firewall.shadow_allow_master",
            "module.gke.google_compute_firewall.shadow_allow_nodes",
            "module.gke.google_compute_firewall.shadow_allow_pods",
            "module.gke.google_compute_firewall.shadow_deny_exkubelet",
            "module.gke.google_compute_firewall.tpu_egress",
            "module.gke.google_container_cluster.primary",
            "module.gke.google_container_node_pool.pools",
            "module.gke.google_container_node_pool.windows_pools",
            "module.gke.google_project_iam_member.cluster_service_account_artifact_registry",
            "module.gke.google_project_iam_member.cluster_service_account_gcr",
            "module.gke.google_project_iam_member.cluster_service_account_metric_writer",
            "module.gke.google_project_iam_member.cluster_service_account_node_service_account",
            "module.gke.google_project_iam_member.cluster_service_account_resource_metadata_writer",
            "module.gke.google_service_account.cluster_service_account",
            "module.gke.kubernetes_config_map.ip_masq_agent",
            "module.gke.kubernetes_config_map_v1_data.kube_dns",
            "module.gke.kubernetes_config_map_v1_data.kube_dns_upstream_nameservers",
            "module.gke.kubernetes_config_map_v1_data.kube_dns_upstream_nameservers_and_stub_domains",
            "module.gke.random_shuffle.available_zones",
            "module.gke.random_string.cluster_service_account_suffix"
          ]
        }
      ]
    },
    {
      "mode": "managed",
      "type": "kubernetes_ingress_v1",
      "name": "websocket_demo_ingress",
      "provider": "provider[\"registry.terraform.io/hashicorp/kubernetes\"]",
      "instances": [
        {
          "schema_version": 0,
          "attributes": {
            "id": "default/websocket-demo-ingress",
            "metadata": [
              {
                "annotations": {
                  "kubernetes.io/ingress.class": "nginx"
                },
                "generate_name": "",
                "generation": 1,
                "labels": null,
                "name": "websocket-demo-ingress",
                "namespace": "default",
                "resource_version": "4055",
                "uid": "db8de91e-7f51-4911-9b00-767d6b8ee088"
              }
            ],
            "spec": [
              {
                "default_backend": [],
                "ingress_class_name": "",
                "rule": [
                  {
                    "host": "",
                    "http": [
                      {
                        "path": [
                          {
                            "backend": [
                              {
                                "resource": [],
                                "service": [
                                  {
                                    "name": "websocket-demo-service",
                                    "port": [
                                      {
                                        "name": "",
                                        "number": 80
                                      }
                                    ]
                                  }
                                ]
                              }
                            ],
                            "path": "/",
                            "path_type": "Prefix"
                          }
                        ]
                      }
                    ]
                  }
                ],
                "tls": []
              }
            ],
            "status": [
              {
                "load_balancer": [
                  {
                    "ingress": []
                  }
                ]
              }
            ],
            "timeouts": null,
            "wait_for_load_balancer": null
          },
          "sensitive_attributes": [],
          "private": "eyJlMmJmYjczMC1lY2FhLTExZTYtOGY4OC0zNDM2M2JjN2M0YzAiOnsiY3JlYXRlIjoxMjAwMDAwMDAwMDAwLCJkZWxldGUiOjEyMDAwMDAwMDAwMDB9fQ==",
          "dependencies": [
            "data.google_client_config.default",
            "helm_release.nginx_ingress",
            "kubernetes_service.websocket_demo_svc",
            "module.gke.data.google_compute_subnetwork.gke_subnetwork",
            "module.gke.data.google_compute_zones.available",
            "module.gke.data.google_container_engine_versions.region",
            "module.gke.data.google_container_engine_versions.zone",
            "module.gke.google_compute_firewall.intra_egress",
            "module.gke.google_compute_firewall.master_webhooks",
            "module.gke.google_compute_firewall.shadow_allow_inkubelet",
            "module.gke.google_compute_firewall.shadow_allow_master",
            "module.gke.google_compute_firewall.shadow_allow_nodes",
            "module.gke.google_compute_firewall.shadow_allow_pods",
            "module.gke.google_compute_firewall.shadow_deny_exkubelet",
            "module.gke.google_compute_firewall.tpu_egress",
            "module.gke.google_container_cluster.primary",
            "module.gke.google_container_node_pool.pools",
            "module.gke.google_container_node_pool.windows_pools",
            "module.gke.google_project_iam_member.cluster_service_account_artifact_registry",
            "module.gke.google_project_iam_member.cluster_service_account_gcr",
            "module.gke.google_project_iam_member.cluster_service_account_metric_writer",
            "module.gke.google_project_iam_member.cluster_service_account_node_service_account",
            "module.gke.google_project_iam_member.cluster_service_account_resource_metadata_writer",
            "module.gke.google_service_account.cluster_service_account",
            "module.gke.kubernetes_config_map.ip_masq_agent",
            "module.gke.kubernetes_config_map_v1_data.kube_dns",
            "module.gke.kubernetes_config_map_v1_data.kube_dns_upstream_nameservers",
            "module.gke.kubernetes_config_map_v1_data.kube_dns_upstream_nameservers_and_stub_domains",
            "module.gke.random_shuffle.available_zones",
            "module.gke.random_string.cluster_service_account_suffix"
          ]
        }
      ]
    },
    {
      "mode": "managed",
      "type": "kubernetes_service",
      "name": "websocket_demo_svc",
      "provider": "provider[\"registry.terraform.io/hashicorp/kubernetes\"]",
      "instances": [
        {
          "schema_version": 1,
          "attributes": {
            "id": "default/websocket-demo-service",
            "metadata": [
              {
                "annotations": {
                  "cloud.google.com/neg": "{\"ingress\":true}"
                },
                "generate_name": "",
                "generation": 0,
                "labels": null,
                "name": "websocket-demo-service",
                "namespace": "default",
                "resource_version": "4032",
                "uid": "341fe47a-eadd-4a2e-a375-c6a83e926695"
              }
            ],
            "spec": [
              {
                "allocate_load_balancer_node_ports": true,
                "cluster_ip": "34.118.234.100",
                "cluster_ips": [
                  "34.118.234.100"
                ],
                "external_ips": null,
                "external_name": "",
                "external_traffic_policy": "",
                "health_check_node_port": 0,
                "internal_traffic_policy": "Cluster",
                "ip_families": [
                  "IPv4"
                ],
                "ip_family_policy": "SingleStack",
                "load_balancer_class": "",
                "load_balancer_ip": "",
                "load_balancer_source_ranges": null,
                "port": [
                  {
                    "app_protocol": "",
                    "name": "",
                    "node_port": 0,
                    "port": 80,
                    "protocol": "TCP",
                    "target_port": "8080"
                  }
                ],
                "publish_not_ready_addresses": false,
                "selector": {
                  "app": "websocket-demo"
                },
                "session_affinity": "None",
                "session_affinity_config": [],
                "type": "ClusterIP"
              }
            ],
            "status": [
              {
                "load_balancer": [
                  {
                    "ingress": []
                  }
                ]
              }
            ],
            "timeouts": null,
            "wait_for_load_balancer": true
          },
          "sensitive_attributes": [],
          "private": "eyJlMmJmYjczMC1lY2FhLTExZTYtOGY4OC0zNDM2M2JjN2M0YzAiOnsiY3JlYXRlIjo2MDAwMDAwMDAwMDB9LCJzY2hlbWFfdmVyc2lvbiI6IjEifQ==",
          "dependencies": [
            "data.google_client_config.default",
            "helm_release.nginx_ingress",
            "module.gke.data.google_compute_subnetwork.gke_subnetwork",
            "module.gke.data.google_compute_zones.available",
            "module.gke.data.google_container_engine_versions.region",
            "module.gke.data.google_container_engine_versions.zone",
            "module.gke.google_compute_firewall.intra_egress",
            "module.gke.google_compute_firewall.master_webhooks",
            "module.gke.google_compute_firewall.shadow_allow_inkubelet",
            "module.gke.google_compute_firewall.shadow_allow_master",
            "module.gke.google_compute_firewall.shadow_allow_nodes",
            "module.gke.google_compute_firewall.shadow_allow_pods",
            "module.gke.google_compute_firewall.shadow_deny_exkubelet",
            "module.gke.google_compute_firewall.tpu_egress",
            "module.gke.google_container_cluster.primary",
            "module.gke.google_container_node_pool.pools",
            "module.gke.google_container_node_pool.windows_pools",
            "module.gke.google_project_iam_member.cluster_service_account_artifact_registry",
            "module.gke.google_project_iam_member.cluster_service_account_gcr",
            "module.gke.google_project_iam_member.cluster_service_account_metric_writer",
            "module.gke.google_project_iam_member.cluster_service_account_node_service_account",
            "module.gke.google_project_iam_member.cluster_service_account_resource_metadata_writer",
            "module.gke.google_service_account.cluster_service_account",
            "module.gke.kubernetes_config_map.ip_masq_agent",
            "module.gke.kubernetes_config_map_v1_data.kube_dns",
            "module.gke.kubernetes_config_map_v1_data.kube_dns_upstream_nameservers",
            "module.gke.kubernetes_config_map_v1_data.kube_dns_upstream_nameservers_and_stub_domains",
            "module.gke.random_shuffle.available_zones",
            "module.gke.random_string.cluster_service_account_suffix"
          ]
        }
      ]
    },
    {
      "module": "module.gke",
      "mode": "data",
      "type": "google_compute_zones",
      "name": "available",
      "provider": "provider[\"registry.terraform.io/hashicorp/google\"]",
      "instances": [
        {
          "index_key": 0,
          "schema_version": 0,
          "attributes": {
            "id": "projects/developer-test-02/regions/us-central1",
            "names": [
              "us-central1-a",
              "us-central1-b",
              "us-central1-c",
              "us-central1-f"
            ],
            "project": "developer-test-02",
            "region": "us-central1",
            "status": null
          },
          "sensitive_attributes": []
        }
      ]
    },
    {
      "module": "module.gke",
      "mode": "data",
      "type": "google_container_engine_versions",
      "name": "region",
      "provider": "provider[\"registry.terraform.io/hashicorp/google\"]",
      "instances": [
        {
          "schema_version": 0,
          "attributes": {
            "default_cluster_version": "1.30.8-gke.1051000",
            "id": "2025-01-21 05:53:56.104834 +0000 UTC",
            "latest_master_version": "1.31.4-gke.1372000",
            "latest_node_version": "1.31.4-gke.1372000",
            "location": "us-central1",
            "project": "developer-test-02",
            "release_channel_default_version": {
              "EXTENDED": "1.30.8-gke.1051000",
              "RAPID": "1.31.4-gke.1183000",
              "REGULAR": "1.30.8-gke.1051000",
              "STABLE": "1.30.5-gke.1713000"
            },
            "release_channel_latest_version": {
              "EXTENDED": "1.31.4-gke.1183000",
              "RAPID": "1.32.0-gke.1709000",
              "REGULAR": "1.31.4-gke.1183000",
              "STABLE": "1.30.6-gke.1596000"
            },
            "valid_master_versions": [
              "1.31.4-gke.1372000",
              "1.31.4-gke.1256000",
              "1.31.4-gke.1183000",
              "1.31.3-gke.1162000",
              "1.31.3-gke.1006000",
              "1.30.8-gke.1261000",
              "1.30.8-gke.1224000",
              "1.30.8-gke.1162000",
              "1.30.8-gke.1128000",
              "1.30.8-gke.1051000",
              "1.30.6-gke.1596000",
              "1.30.5-gke.1713000",
              "1.30.5-gke.1699000",
              "1.29.12-gke.1270000",
              "1.29.12-gke.1143000",
              "1.29.12-gke.1120000",
              "1.29.12-gke.1055000",
              "1.29.10-gke.1280000",
              "1.28.15-gke.1612000",
              "1.28.15-gke.1503000",
              "1.28.15-gke.1480000",
              "1.28.15-gke.1435000",
              "1.28.15-gke.1342000"
            ],
            "valid_node_versions": [
              "1.31.4-gke.1372000",
              "1.31.4-gke.1256000",
              "1.31.4-gke.1249000",
              "1.31.4-gke.1183000",
              "1.31.4-gke.1177000",
              "1.31.4-gke.1072000",
              "1.31.3-gke.1162000",
              "1.31.3-gke.1121001",
              "1.31.3-gke.1056000",
              "1.31.3-gke.1023000",
              "1.31.3-gke.1006000",
              "1.31.2-gke.1518000",
              "1.31.2-gke.1384000",
              "1.31.2-gke.1354000",
              "1.31.2-gke.1115000",
              "1.31.1-gke.2105000",
              "1.31.1-gke.2008000",
              "1.31.1-gke.1846000",
              "1.31.1-gke.1678000",
              "1.31.1-gke.1146000",
              "1.30.8-gke.1261000",
              "1.30.8-gke.1224000",
              "1.30.8-gke.1162000",
              "1.30.8-gke.1133000",
              "1.30.8-gke.1128000",
              "1.30.8-gke.1051000",
              "1.30.7-gke.1136000",
              "1.30.7-gke.1084000",
              "1.30.7-gke.1077000",
              "1.30.6-gke.1596000",
              "1.30.6-gke.1125000",
              "1.30.6-gke.1059000",
              "1.30.5-gke.1713000",
              "1.30.5-gke.1699000",
              "1.30.5-gke.1628000",
              "1.30.5-gke.1443001",
              "1.30.5-gke.1355000",
              "1.30.5-gke.1145000",
              "1.30.5-gke.1014003",
              "1.30.5-gke.1014001",
              "1.30.5-gke.1014000",
              "1.30.4-gke.1476000",
              "1.30.4-gke.1348001",
              "1.30.4-gke.1348000",
              "1.30.4-gke.1282000",
              "1.30.4-gke.1213000",
              "1.30.4-gke.1129000",
              "1.30.3-gke.1969002",
              "1.30.3-gke.1969001",
              "1.30.3-gke.1639000",
              "1.30.3-gke.1451000",
              "1.30.3-gke.1225000",
              "1.30.2-gke.1587003",
              "1.30.1-gke.1329003",
              "1.29.12-gke.1270000",
              "1.29.12-gke.1143000",
              "1.29.12-gke.1126000",
              "1.29.12-gke.1120000",
              "1.29.12-gke.1055000",
              "1.29.11-gke.1045000",
              "1.29.11-gke.1012000",
              "1.29.10-gke.1280000",
              "1.29.10-gke.1227000",
              "1.29.10-gke.1155000",
              "1.29.10-gke.1071000",
              "1.29.10-gke.1054000",
              "1.29.10-gke.1043000",
              "1.29.9-gke.1541000",
              "1.29.9-gke.1496000",
              "1.29.9-gke.1341000",
              "1.29.9-gke.1177000",
              "1.29.8-gke.1278000",
              "1.29.8-gke.1211000",
              "1.29.8-gke.1157000",
              "1.29.8-gke.1096000",
              "1.29.8-gke.1057000",
              "1.29.8-gke.1031000",
              "1.29.7-gke.1274000",
              "1.29.7-gke.1174000",
              "1.29.7-gke.1104000",
              "1.29.7-gke.1008000",
              "1.29.6-gke.1326000",
              "1.29.6-gke.1254000",
              "1.29.6-gke.1137000",
              "1.29.6-gke.1038001",
              "1.29.6-gke.1038000",
              "1.29.5-gke.1192000",
              "1.29.5-gke.1121000",
              "1.29.5-gke.1091002",
              "1.29.5-gke.1091001",
              "1.29.5-gke.1091000",
              "1.29.5-gke.1060001",
              "1.29.5-gke.1060000",
              "1.29.5-gke.1010000",
              "1.29.4-gke.1670000",
              "1.29.4-gke.1542000",
              "1.29.4-gke.1447001",
              "1.29.4-gke.1447000",
              "1.29.4-gke.1165000",
              "1.29.4-gke.1043004",
              "1.29.4-gke.1043002",
              "1.29.4-gke.1043001",
              "1.29.4-gke.1043000",
              "1.29.3-gke.1282005",
              "1.29.3-gke.1282001",
              "1.29.3-gke.1282000",
              "1.29.3-gke.1093006",
              "1.29.3-gke.1093000",
              "1.29.2-gke.1521000",
              "1.29.2-gke.1217000",
              "1.29.2-gke.1060000",
              "1.29.1-gke.1589020",
              "1.29.1-gke.1589018",
              "1.29.1-gke.1589017",
              "1.29.1-gke.1589000",
              "1.29.1-gke.1575000",
              "1.29.1-gke.1425000",
              "1.29.1-gke.1016000",
              "1.29.0-gke.1381000",
              "1.28.15-gke.1612000",
              "1.28.15-gke.1503000",
              "1.28.15-gke.1488000",
              "1.28.15-gke.1480000",
              "1.28.15-gke.1435000",
              "1.28.15-gke.1388000",
              "1.28.15-gke.1362000",
              "1.28.15-gke.1344000",
              "1.28.15-gke.1342000",
              "1.28.15-gke.1159000",
              "1.28.15-gke.1080000",
              "1.28.15-gke.1041000",
              "1.28.15-gke.1020000",
              "1.28.15-gke.1015000",
              "1.28.14-gke.1376000",
              "1.28.14-gke.1340000",
              "1.28.14-gke.1217000",
              "1.28.14-gke.1175000",
              "1.28.14-gke.1099000",
              "1.28.14-gke.1004000",
              "1.28.13-gke.1119000",
              "1.28.13-gke.1078000",
              "1.28.13-gke.1049000",
              "1.28.13-gke.1042000",
              "1.28.13-gke.1024000",
              "1.28.13-gke.1006000",
              "1.28.12-gke.1179000",
              "1.28.12-gke.1090000",
              "1.28.12-gke.1052000",
              "1.28.11-gke.1315000",
              "1.28.11-gke.1289000",
              "1.28.11-gke.1260000",
              "1.28.11-gke.1172000",
              "1.28.11-gke.1170000",
              "1.28.11-gke.1019001",
              "1.28.11-gke.1019000",
              "1.28.10-gke.1148001",
              "1.28.10-gke.1148000",
              "1.28.10-gke.1141000",
              "1.28.10-gke.1089002",
              "1.28.10-gke.1089000",
              "1.28.10-gke.1075001",
              "1.28.10-gke.1075000",
              "1.28.10-gke.1058001",
              "1.28.10-gke.1058000",
              "1.28.10-gke.1012000",
              "1.28.9-gke.1289002",
              "1.28.9-gke.1289000",
              "1.28.9-gke.1250000",
              "1.28.9-gke.1209001",
              "1.28.9-gke.1209000",
              "1.28.9-gke.1069002",
              "1.28.9-gke.1069000",
              "1.28.9-gke.1000000",
              "1.28.8-gke.1175000",
              "1.28.8-gke.1095000",
              "1.28.7-gke.1226000",
              "1.28.7-gke.1026001",
              "1.28.7-gke.1026000",
              "1.28.6-gke.1456000",
              "1.28.6-gke.1369000",
              "1.28.6-gke.1289000",
              "1.28.6-gke.1095000",
              "1.28.5-gke.1217000",
              "1.28.4-gke.1083000",
              "1.28.3-gke.1286000",
              "1.28.3-gke.1203001",
              "1.28.3-gke.1203000",
              "1.28.3-gke.1118000",
              "1.28.3-gke.1098000",
              "1.28.3-gke.1090000",
              "1.28.2-gke.1157000",
              "1.27.16-gke.2246000",
              "1.27.16-gke.2142000",
              "1.27.16-gke.2122000",
              "1.27.16-gke.2081000",
              "1.27.16-gke.2051000",
              "1.27.16-gke.2027000",
              "1.27.16-gke.2019000",
              "1.27.16-gke.1836000",
              "1.27.16-gke.1784000",
              "1.27.16-gke.1742000",
              "1.27.16-gke.1712000",
              "1.27.16-gke.1681000",
              "1.27.16-gke.1576000",
              "1.27.16-gke.1478000",
              "1.27.16-gke.1373000",
              "1.27.16-gke.1342000",
              "1.27.16-gke.1296000",
              "1.27.16-gke.1287000",
              "1.27.16-gke.1258000",
              "1.27.16-gke.1234001",
              "1.27.16-gke.1234000",
              "1.27.16-gke.1148001",
              "1.27.16-gke.1148000",
              "1.27.16-gke.1082000",
              "1.27.16-gke.1051001",
              "1.27.16-gke.1051000",
              "1.27.16-gke.1008000",
              "1.27.15-gke.1252000",
              "1.27.15-gke.1154000",
              "1.27.15-gke.1125000",
              "1.27.15-gke.1012003",
              "1.27.15-gke.1012000",
              "1.27.14-gke.1100002",
              "1.27.14-gke.1100000",
              "1.27.14-gke.1093000",
              "1.27.14-gke.1059002",
              "1.27.14-gke.1059001",
              "1.27.14-gke.1059000",
              "1.27.14-gke.1042001",
              "1.27.14-gke.1042000",
              "1.27.14-gke.1022001",
              "1.27.14-gke.1022000",
              "1.27.14-gke.1011000",
              "1.27.13-gke.1201002",
              "1.27.13-gke.1201000",
              "1.27.13-gke.1166001",
              "1.27.13-gke.1166000",
              "1.27.13-gke.1070002",
              "1.27.13-gke.1070000",
              "1.27.13-gke.1000000",
              "1.27.12-gke.1190000",
              "1.27.12-gke.1115000",
              "1.27.11-gke.1202000",
              "1.27.11-gke.1118000",
              "1.27.11-gke.1062004",
              "1.27.11-gke.1062003",
              "1.27.11-gke.1062001",
              "1.27.11-gke.1062000",
              "1.27.11-gke.1018000",
              "1.27.10-gke.1207000",
              "1.27.10-gke.1152000",
              "1.27.10-gke.1055000",
              "1.27.9-gke.1092000",
              "1.27.8-gke.1067004",
              "1.27.8-gke.1067000",
              "1.27.7-gke.1293000",
              "1.27.7-gke.1121002",
              "1.27.7-gke.1121000",
              "1.27.7-gke.1088000",
              "1.27.7-gke.1056000",
              "1.27.7-gke.1038000",
              "1.27.6-gke.1506000",
              "1.27.6-gke.1445000",
              "1.27.6-gke.1248000",
              "1.27.5-gke.200",
              "1.27.4-gke.900",
              "1.27.3-gke.1700",
              "1.27.3-gke.100",
              "1.27.2-gke.2100",
              "1.27.2-gke.1200",
              "1.26.15-gke.1469001",
              "1.26.15-gke.1469000",
              "1.26.15-gke.1436000",
              "1.26.15-gke.1404002",
              "1.26.15-gke.1404000",
              "1.26.15-gke.1390001",
              "1.26.15-gke.1390000",
              "1.26.15-gke.1381001",
              "1.26.15-gke.1381000",
              "1.26.15-gke.1372001",
              "1.26.15-gke.1360000",
              "1.26.15-gke.1320002",
              "1.26.15-gke.1320000",
              "1.26.15-gke.1300001",
              "1.26.15-gke.1300000",
              "1.26.15-gke.1243000",
              "1.26.15-gke.1191001",
              "1.26.15-gke.1191000",
              "1.26.15-gke.1158000",
              "1.26.15-gke.1090004",
              "1.26.15-gke.1090000",
              "1.26.14-gke.1133000",
              "1.26.14-gke.1076000",
              "1.26.14-gke.1044001",
              "1.26.14-gke.1044000",
              "1.26.14-gke.1006000",
              "1.26.13-gke.1189000",
              "1.26.13-gke.1144000",
              "1.26.13-gke.1052000",
              "1.26.12-gke.1111000",
              "1.26.11-gke.1055000",
              "1.26.10-gke.1235000",
              "1.26.10-gke.1101000",
              "1.26.10-gke.1073000",
              "1.26.10-gke.1038000",
              "1.26.10-gke.1024000",
              "1.26.9-gke.1507000",
              "1.26.9-gke.1437000",
              "1.26.8-gke.200",
              "1.26.7-gke.500",
              "1.26.6-gke.1700",
              "1.26.5-gke.2700",
              "1.26.5-gke.2100",
              "1.26.5-gke.1400",
              "1.26.5-gke.1200",
              "1.26.4-gke.1400",
              "1.26.4-gke.500",
              "1.26.3-gke.1000",
              "1.26.3-gke.400",
              "1.26.2-gke.1000",
              "1.26.1-gke.1500",
              "1.25.16-gke.1759000",
              "1.25.16-gke.1711000",
              "1.25.16-gke.1648000",
              "1.25.16-gke.1596000",
              "1.25.16-gke.1570000",
              "1.25.16-gke.1537000",
              "1.25.16-gke.1497000",
              "1.25.16-gke.1460000",
              "1.25.16-gke.1360000",
              "1.25.16-gke.1268000",
              "1.25.16-gke.1041000",
              "1.25.16-gke.1020000",
              "1.25.15-gke.1115000",
              "1.25.15-gke.1083000",
              "1.25.15-gke.1049000",
              "1.25.15-gke.1033000",
              "1.25.14-gke.1474000",
              "1.25.14-gke.1421000",
              "1.25.13-gke.200",
              "1.25.12-gke.500",
              "1.25.11-gke.1700",
              "1.25.10-gke.2700",
              "1.25.10-gke.2100",
              "1.25.10-gke.1400",
              "1.25.10-gke.1200",
              "1.25.9-gke.2300",
              "1.25.9-gke.400",
              "1.25.8-gke.1000",
              "1.25.8-gke.500",
              "1.25.7-gke.1000",
              "1.25.6-gke.1000",
              "1.25.6-gke.200",
              "1.25.5-gke.2000",
              "1.25.5-gke.1500",
              "1.25.4-gke.2100",
              "1.25.3-gke.800",
              "1.24.17-gke.2472000",
              "1.24.17-gke.2364000",
              "1.24.17-gke.2347000",
              "1.24.17-gke.2266000",
              "1.24.17-gke.2230000",
              "1.24.17-gke.2211000",
              "1.24.17-gke.2198000",
              "1.24.17-gke.2155000",
              "1.24.17-gke.2113000",
              "1.24.17-gke.200",
              "1.24.16-gke.500",
              "1.24.15-gke.1700",
              "1.24.14-gke.2700",
              "1.24.14-gke.2100",
              "1.24.14-gke.1400",
              "1.24.14-gke.1200",
              "1.24.13-gke.2500",
              "1.24.13-gke.500",
              "1.24.12-gke.1000",
              "1.24.12-gke.500",
              "1.24.11-gke.1000",
              "1.24.10-gke.2300",
              "1.24.10-gke.1200",
              "1.24.9-gke.3200",
              "1.24.9-gke.2000",
              "1.24.9-gke.1500",
              "1.24.8-gke.2000",
              "1.24.8-gke.401",
              "1.24.7-gke.900",
              "1.24.6-gke.1500",
              "1.24.5-gke.600",
              "1.24.4-gke.800",
              "1.24.3-gke.2100",
              "1.24.3-gke.900",
              "1.24.3-gke.200",
              "1.24.2-gke.1900",
              "1.24.2-gke.300",
              "1.24.1-gke.1800",
              "1.24.1-gke.1400",
              "1.23.17-gke.10700",
              "1.23.17-gke.10000",
              "1.23.17-gke.8400",
              "1.23.17-gke.7700",
              "1.23.17-gke.7000",
              "1.23.17-gke.6800",
              "1.23.17-gke.5600",
              "1.23.17-gke.3600",
              "1.23.17-gke.2000",
              "1.23.17-gke.1700",
              "1.23.17-gke.300",
              "1.23.16-gke.2500",
              "1.23.16-gke.1400",
              "1.23.16-gke.1100",
              "1.23.16-gke.200",
              "1.23.15-gke.1900",
              "1.23.15-gke.1400",
              "1.23.14-gke.1800",
              "1.23.14-gke.401",
              "1.23.13-gke.900",
              "1.23.12-gke.1600",
              "1.23.12-gke.100",
              "1.23.11-gke.300",
              "1.23.10-gke.1000",
              "1.23.9-gke.2100",
              "1.23.9-gke.900",
              "1.23.8-gke.1900",
              "1.23.8-gke.400",
              "1.23.7-gke.1400",
              "1.23.6-gke.2200",
              "1.23.6-gke.1700",
              "1.23.6-gke.1501",
              "1.23.6-gke.1500",
              "1.23.5-gke.2400",
              "1.23.5-gke.1503",
              "1.23.5-gke.1501",
              "1.22.17-gke.14100",
              "1.22.17-gke.13400",
              "1.22.17-gke.12700",
              "1.22.17-gke.11400",
              "1.22.17-gke.9400",
              "1.22.17-gke.8000",
              "1.22.17-gke.7500",
              "1.22.17-gke.6100",
              "1.22.17-gke.5400",
              "1.22.17-gke.4300",
              "1.22.17-gke.4000",
              "1.22.17-gke.3100",
              "1.22.17-gke.1900",
              "1.22.17-gke.1400",
              "1.22.16-gke.2000",
              "1.22.16-gke.1300",
              "1.22.15-gke.2500",
              "1.22.15-gke.1000",
              "1.22.15-gke.100",
              "1.22.14-gke.300",
              "1.22.13-gke.1000",
              "1.22.12-gke.2300",
              "1.22.12-gke.1200",
              "1.22.12-gke.500",
              "1.22.12-gke.300",
              "1.22.11-gke.400",
              "1.22.10-gke.600",
              "1.22.9-gke.2000",
              "1.22.9-gke.1500",
              "1.22.9-gke.1300",
              "1.22.8-gke.2200",
              "1.22.8-gke.202",
              "1.22.8-gke.201",
              "1.22.8-gke.200",
              "1.22.7-gke.1500",
              "1.22.7-gke.1300",
              "1.22.7-gke.900",
              "1.22.7-gke.300",
              "1.22.6-gke.1000",
              "1.22.6-gke.300",
              "1.22.4-gke.1501",
              "1.22.3-gke.1500",
              "1.21.14-gke.18800",
              "1.21.14-gke.18100",
              "1.21.14-gke.15800",
              "1.21.14-gke.14600",
              "1.21.14-gke.14100",
              "1.21.14-gke.8500",
              "1.21.14-gke.7100",
              "1.21.14-gke.5300",
              "1.21.14-gke.4300",
              "1.21.14-gke.3000",
              "1.21.14-gke.2700",
              "1.21.14-gke.2100",
              "1.21.14-gke.700",
              "1.21.13-gke.900",
              "1.21.12-gke.2200",
              "1.21.12-gke.1700",
              "1.21.12-gke.1500",
              "1.21.11-gke.1900",
              "1.21.11-gke.1100",
              "1.21.11-gke.900",
              "1.21.10-gke.2000",
              "1.21.10-gke.1500",
              "1.21.10-gke.1300",
              "1.21.10-gke.400",
              "1.21.9-gke.1002",
              "1.21.9-gke.1001",
              "1.21.9-gke.1000",
              "1.21.9-gke.300",
              "1.21.6-gke.1503",
              "1.21.6-gke.1501",
              "1.21.6-gke.1500",
              "1.21.5-gke.1805",
              "1.21.5-gke.1802",
              "1.21.5-gke.1302",
              "1.21.5-gke.1300",
              "1.21.4-gke.2302",
              "1.21.4-gke.2300",
              "1.21.3-gke.2003",
              "1.21.3-gke.2001",
              "1.20.15-gke.13700",
              "1.20.15-gke.13400",
              "1.20.15-gke.12800",
              "1.20.15-gke.11400",
              "1.20.15-gke.9900",
              "1.20.15-gke.8700",
              "1.20.15-gke.8200",
              "1.20.15-gke.8000",
              "1.20.15-gke.6000",
              "1.20.15-gke.5200",
              "1.20.15-gke.5000",
              "1.20.15-gke.4100",
              "1.20.15-gke.3600",
              "1.20.15-gke.3400",
              "1.20.15-gke.2500",
              "1.20.15-gke.1000",
              "1.20.15-gke.300",
              "1.20.12-gke.1500",
              "1.20.11-gke.1801",
              "1.20.11-gke.1300",
              "1.20.10-gke.2100",
              "1.20.10-gke.1600",
              "1.20.10-gke.301",
              "1.20.9-gke.2100",
              "1.20.9-gke.1001",
              "1.20.9-gke.1000",
              "1.20.9-gke.701",
              "1.20.9-gke.700",
              "1.20.8-gke.2101",
              "1.20.8-gke.2100",
              "1.20.8-gke.900",
              "1.20.8-gke.700",
              "1.20.7-gke.2200",
              "1.20.7-gke.1800",
              "1.20.6-gke.1400",
              "1.20.6-gke.1000",
              "1.19.16-gke.15700",
              "1.19.16-gke.14500",
              "1.19.16-gke.14000",
              "1.19.16-gke.13800",
              "1.19.16-gke.11800",
              "1.19.16-gke.11000",
              "1.19.16-gke.10800",
              "1.19.16-gke.9900",
              "1.19.16-gke.9400",
              "1.19.16-gke.9200",
              "1.19.16-gke.8300",
              "1.19.16-gke.6800",
              "1.19.16-gke.6100",
              "1.19.16-gke.3600",
              "1.19.15-gke.1801",
              "1.19.15-gke.1300",
              "1.19.15-gke.500",
              "1.19.14-gke.2300",
              "1.19.14-gke.1900",
              "1.19.14-gke.301",
              "1.19.14-gke.300",
              "1.19.13-gke.1900",
              "1.19.13-gke.1200",
              "1.19.13-gke.701",
              "1.19.13-gke.700",
              "1.19.12-gke.2101",
              "1.19.12-gke.2100",
              "1.19.12-gke.1100",
              "1.19.12-gke.900",
              "1.19.12-gke.700",
              "1.19.11-gke.2101",
              "1.19.11-gke.2100",
              "1.19.11-gke.1701",
              "1.19.11-gke.1700",
              "1.19.10-gke.1701",
              "1.19.10-gke.1700",
              "1.19.10-gke.1601",
              "1.19.10-gke.1600",
              "1.19.10-gke.1001",
              "1.19.10-gke.1000",
              "1.19.9-gke.1900",
              "1.19.9-gke.1400",
              "1.19.9-gke.700",
              "1.19.9-gke.100",
              "1.19.8-gke.2000",
              "1.19.8-gke.1600",
              "1.19.8-gke.1000",
              "1.19.7-gke.2503",
              "1.19.7-gke.1500",
              "1.19.7-gke.1302",
              "1.19.7-gke.800",
              "1.19.6-gke.1700",
              "1.19.6-gke.1100",
              "1.19.6-gke.600",
              "1.18.20-gke.6101",
              "1.18.20-gke.6000",
              "1.18.20-gke.4501",
              "1.18.20-gke.4500",
              "1.18.20-gke.4100",
              "1.18.20-gke.3300",
              "1.18.20-gke.3001",
              "1.18.20-gke.3000",
              "1.18.20-gke.2300",
              "1.18.20-gke.901",
              "1.18.20-gke.900",
              "1.18.20-gke.501",
              "1.18.19-gke.2101",
              "1.18.19-gke.2100",
              "1.18.19-gke.1701",
              "1.18.19-gke.1700",
              "1.18.18-gke.1701",
              "1.18.18-gke.1700",
              "1.18.18-gke.1101",
              "1.18.18-gke.1100",
              "1.18.17-gke.1901",
              "1.18.17-gke.1900",
              "1.18.17-gke.1201",
              "1.18.17-gke.1200",
              "1.18.17-gke.700",
              "1.18.17-gke.100",
              "1.18.16-gke.2100",
              "1.18.16-gke.1201",
              "1.18.16-gke.1200",
              "1.18.16-gke.502",
              "1.18.16-gke.500",
              "1.18.16-gke.302",
              "1.18.16-gke.300",
              "1.18.15-gke.2500",
              "1.18.15-gke.1502",
              "1.18.15-gke.1501",
              "1.18.15-gke.1500",
              "1.18.15-gke.1102",
              "1.18.15-gke.1100",
              "1.18.15-gke.800",
              "1.18.14-gke.1600",
              "1.18.14-gke.1200",
              "1.18.12-gke.1210",
              "1.18.12-gke.1206",
              "1.18.12-gke.1205",
              "1.18.12-gke.1201",
              "1.18.12-gke.1200",
              "1.18.12-gke.300",
              "1.18.10-gke.2701",
              "1.18.10-gke.2101",
              "1.18.10-gke.1500",
              "1.18.10-gke.601",
              "1.18.9-gke.2501",
              "1.18.9-gke.1501",
              "1.18.9-gke.801",
              "1.18.6-gke.4801",
              "1.18.6-gke.3504",
              "1.18.6-gke.3503",
              "1.17.17-gke.9100",
              "1.17.17-gke.8500",
              "1.17.17-gke.8200",
              "1.17.17-gke.7800",
              "1.17.17-gke.7200",
              "1.17.17-gke.6700",
              "1.17.17-gke.6000",
              "1.17.17-gke.5400",
              "1.17.17-gke.4900",
              "1.17.17-gke.4400",
              "1.17.17-gke.3700",
              "1.17.17-gke.3000",
              "1.17.17-gke.2800",
              "1.17.17-gke.2500",
              "1.17.17-gke.1500",
              "1.17.17-gke.1101",
              "1.17.17-gke.1100",
              "1.17.17-gke.600",
              "1.17.16-gke.1600",
              "1.17.16-gke.1300",
              "1.17.15-gke.800",
              "1.17.15-gke.300",
              "1.17.14-gke.1600",
              "1.17.14-gke.1200",
              "1.17.14-gke.400",
              "1.17.13-gke.2600",
              "1.17.13-gke.2001",
              "1.17.13-gke.1401",
              "1.17.13-gke.1400",
              "1.17.13-gke.600",
              "1.17.12-gke.2502",
              "1.17.12-gke.1504",
              "1.17.12-gke.1501",
              "1.17.12-gke.500",
              "1.17.9-gke.6300",
              "1.17.9-gke.1504",
              "1.16.15-gke.14800",
              "1.16.15-gke.12500",
              "1.16.15-gke.11800",
              "1.16.15-gke.10600",
              "1.16.15-gke.7801",
              "1.16.15-gke.7800",
              "1.16.15-gke.7300",
              "1.16.15-gke.6900",
              "1.16.15-gke.6000",
              "1.16.15-gke.5500",
              "1.16.15-gke.4901",
              "1.16.15-gke.4301",
              "1.16.15-gke.4300",
              "1.16.15-gke.3500",
              "1.16.15-gke.2601",
              "1.16.15-gke.1600",
              "1.16.15-gke.500",
              "1.16.13-gke.404",
              "1.16.13-gke.403",
              "1.16.13-gke.401",
              "1.16.13-gke.400",
              "1.16.13-gke.1",
              "1.16.11-gke.5",
              "1.16.10-gke.8",
              "1.16.9-gke.6",
              "1.16.9-gke.2",
              "1.16.8-gke.15",
              "1.16.8-gke.12",
              "1.16.8-gke.9",
              "1.15.12-gke.6002",
              "1.15.12-gke.6001",
              "1.15.12-gke.5000",
              "1.15.12-gke.4002",
              "1.15.12-gke.4000",
              "1.15.12-gke.20",
              "1.15.12-gke.17",
              "1.15.12-gke.16",
              "1.15.12-gke.13",
              "1.15.12-gke.9",
              "1.15.12-gke.6",
              "1.15.12-gke.3",
              "1.15.12-gke.2",
              "1.15.11-gke.17",
              "1.15.11-gke.15",
              "1.15.11-gke.13",
              "1.15.11-gke.12",
              "1.15.11-gke.11",
              "1.15.11-gke.9",
              "1.15.11-gke.5",
              "1.15.11-gke.3",
              "1.15.11-gke.1",
              "1.15.9-gke.26",
              "1.15.9-gke.24",
              "1.15.9-gke.22",
              "1.15.9-gke.12",
              "1.15.9-gke.9",
              "1.15.9-gke.8",
              "1.15.8-gke.3",
              "1.15.8-gke.2",
              "1.15.7-gke.23",
              "1.15.7-gke.2",
              "1.15.4-gke.22",
              "1.14.10-gke.1504",
              "1.14.10-gke.902",
              "1.14.10-gke.50",
              "1.14.10-gke.46",
              "1.14.10-gke.45",
              "1.14.10-gke.42",
              "1.14.10-gke.41",
              "1.14.10-gke.40",
              "1.14.10-gke.37",
              "1.14.10-gke.36",
              "1.14.10-gke.34",
              "1.14.10-gke.32",
              "1.14.10-gke.31",
              "1.14.10-gke.27",
              "1.14.10-gke.24",
              "1.14.10-gke.22",
              "1.14.10-gke.21",
              "1.14.10-gke.17",
              "1.14.10-gke.0",
              "1.14.9-gke.23",
              "1.14.9-gke.2",
              "1.14.9-gke.0",
              "1.14.8-gke.33",
              "1.14.8-gke.21",
              "1.14.8-gke.18",
              "1.14.8-gke.17",
              "1.14.8-gke.14",
              "1.14.8-gke.12",
              "1.14.8-gke.7",
              "1.14.8-gke.2",
              "1.14.7-gke.40",
              "1.14.7-gke.25",
              "1.14.7-gke.23",
              "1.14.7-gke.17",
              "1.14.7-gke.14",
              "1.14.7-gke.10",
              "1.14.6-gke.13",
              "1.14.6-gke.2",
              "1.14.6-gke.1",
              "1.14.3-gke.11",
              "1.14.3-gke.10",
              "1.14.3-gke.9",
              "1.14.2-gke.9",
              "1.14.1-gke.5",
              "1.13.12-gke.30",
              "1.13.12-gke.25",
              "1.13.12-gke.17",
              "1.13.12-gke.16",
              "1.13.12-gke.14",
              "1.13.12-gke.13",
              "1.13.12-gke.10",
              "1.13.12-gke.8",
              "1.13.12-gke.4",
              "1.13.12-gke.2",
              "1.13.11-gke.23",
              "1.13.11-gke.15",
              "1.13.11-gke.14",
              "1.13.11-gke.12",
              "1.13.11-gke.11",
              "1.13.11-gke.9",
              "1.13.11-gke.5",
              "1.13.10-gke.7",
              "1.13.10-gke.0",
              "1.13.9-gke.11",
              "1.13.9-gke.3",
              "1.13.7-gke.24",
              "1.13.7-gke.19",
              "1.13.7-gke.15",
              "1.13.7-gke.8",
              "1.13.7-gke.0",
              "1.13.6-gke.13",
              "1.13.6-gke.6",
              "1.13.6-gke.5",
              "1.13.6-gke.0",
              "1.13.5-gke.10",
              "1.12.10-gke.22",
              "1.12.10-gke.20",
              "1.12.10-gke.19",
              "1.12.10-gke.18",
              "1.12.10-gke.17",
              "1.12.10-gke.15",
              "1.12.10-gke.13",
              "1.12.10-gke.11",
              "1.12.10-gke.5",
              "1.12.9-gke.16",
              "1.12.9-gke.15",
              "1.12.9-gke.13",
              "1.12.9-gke.10",
              "1.12.9-gke.7",
              "1.12.9-gke.3",
              "1.12.8-gke.12",
              "1.12.8-gke.10",
              "1.12.8-gke.7",
              "1.12.8-gke.6",
              "1.12.7-gke.26",
              "1.12.7-gke.25",
              "1.12.7-gke.24",
              "1.12.7-gke.22",
              "1.12.7-gke.21",
              "1.12.7-gke.17",
              "1.12.7-gke.10",
              "1.12.7-gke.7",
              "1.12.6-gke.11",
              "1.12.6-gke.10",
              "1.12.6-gke.7",
              "1.12.5-gke.10",
              "1.12.5-gke.5",
              "1.11.10-gke.6",
              "1.11.10-gke.5"
            ],
            "version_prefix": null
          },
          "sensitive_attributes": []
        }
      ]
    },
    {
      "module": "module.gke",
      "mode": "data",
      "type": "google_container_engine_versions",
      "name": "zone",
      "provider": "provider[\"registry.terraform.io/hashicorp/google\"]",
      "instances": [
        {
          "schema_version": 0,
          "attributes": {
            "default_cluster_version": "1.30.8-gke.1051000",
            "id": "2025-01-21 05:53:56.583857 +0000 UTC",
            "latest_master_version": "1.31.4-gke.1372000",
            "latest_node_version": "1.31.4-gke.1372000",
            "location": "us-central1-a",
            "project": "developer-test-02",
            "release_channel_default_version": {
              "EXTENDED": "1.30.8-gke.1051000",
              "RAPID": "1.31.4-gke.1183000",
              "REGULAR": "1.30.8-gke.1051000",
              "STABLE": "1.30.5-gke.1713000"
            },
            "release_channel_latest_version": {
              "EXTENDED": "1.31.4-gke.1183000",
              "RAPID": "1.32.0-gke.1709000",
              "REGULAR": "1.31.4-gke.1183000",
              "STABLE": "1.30.6-gke.1596000"
            },
            "valid_master_versions": [
              "1.31.4-gke.1372000",
              "1.31.4-gke.1256000",
              "1.31.4-gke.1183000",
              "1.31.3-gke.1162000",
              "1.31.3-gke.1006000",
              "1.30.8-gke.1261000",
              "1.30.8-gke.1224000",
              "1.30.8-gke.1162000",
              "1.30.8-gke.1128000",
              "1.30.8-gke.1051000",
              "1.30.6-gke.1596000",
              "1.30.5-gke.1713000",
              "1.30.5-gke.1699000",
              "1.29.12-gke.1270000",
              "1.29.12-gke.1143000",
              "1.29.12-gke.1120000",
              "1.29.12-gke.1055000",
              "1.29.10-gke.1280000",
              "1.28.15-gke.1612000",
              "1.28.15-gke.1503000",
              "1.28.15-gke.1480000",
              "1.28.15-gke.1435000",
              "1.28.15-gke.1342000"
            ],
            "valid_node_versions": [
              "1.31.4-gke.1372000",
              "1.31.4-gke.1256000",
              "1.31.4-gke.1249000",
              "1.31.4-gke.1183000",
              "1.31.4-gke.1177000",
              "1.31.4-gke.1072000",
              "1.31.3-gke.1162000",
              "1.31.3-gke.1121001",
              "1.31.3-gke.1056000",
              "1.31.3-gke.1023000",
              "1.31.3-gke.1006000",
              "1.31.2-gke.1518000",
              "1.31.2-gke.1384000",
              "1.31.2-gke.1354000",
              "1.31.2-gke.1115000",
              "1.31.1-gke.2105000",
              "1.31.1-gke.2008000",
              "1.31.1-gke.1846000",
              "1.31.1-gke.1678000",
              "1.31.1-gke.1146000",
              "1.30.8-gke.1261000",
              "1.30.8-gke.1224000",
              "1.30.8-gke.1162000",
              "1.30.8-gke.1133000",
              "1.30.8-gke.1128000",
              "1.30.8-gke.1051000",
              "1.30.7-gke.1136000",
              "1.30.7-gke.1084000",
              "1.30.7-gke.1077000",
              "1.30.6-gke.1596000",
              "1.30.6-gke.1125000",
              "1.30.6-gke.1059000",
              "1.30.5-gke.1713000",
              "1.30.5-gke.1699000",
              "1.30.5-gke.1628000",
              "1.30.5-gke.1443001",
              "1.30.5-gke.1355000",
              "1.30.5-gke.1145000",
              "1.30.5-gke.1014003",
              "1.30.5-gke.1014001",
              "1.30.5-gke.1014000",
              "1.30.4-gke.1476000",
              "1.30.4-gke.1348001",
              "1.30.4-gke.1348000",
              "1.30.4-gke.1282000",
              "1.30.4-gke.1213000",
              "1.30.4-gke.1129000",
              "1.30.3-gke.1969002",
              "1.30.3-gke.1969001",
              "1.30.3-gke.1639000",
              "1.30.3-gke.1451000",
              "1.30.3-gke.1225000",
              "1.30.2-gke.1587003",
              "1.30.1-gke.1329003",
              "1.29.12-gke.1270000",
              "1.29.12-gke.1143000",
              "1.29.12-gke.1126000",
              "1.29.12-gke.1120000",
              "1.29.12-gke.1055000",
              "1.29.11-gke.1045000",
              "1.29.11-gke.1012000",
              "1.29.10-gke.1280000",
              "1.29.10-gke.1227000",
              "1.29.10-gke.1155000",
              "1.29.10-gke.1071000",
              "1.29.10-gke.1054000",
              "1.29.10-gke.1043000",
              "1.29.9-gke.1541000",
              "1.29.9-gke.1496000",
              "1.29.9-gke.1341000",
              "1.29.9-gke.1177000",
              "1.29.8-gke.1278000",
              "1.29.8-gke.1211000",
              "1.29.8-gke.1157000",
              "1.29.8-gke.1096000",
              "1.29.8-gke.1057000",
              "1.29.8-gke.1031000",
              "1.29.7-gke.1274000",
              "1.29.7-gke.1174000",
              "1.29.7-gke.1104000",
              "1.29.7-gke.1008000",
              "1.29.6-gke.1326000",
              "1.29.6-gke.1254000",
              "1.29.6-gke.1137000",
              "1.29.6-gke.1038001",
              "1.29.6-gke.1038000",
              "1.29.5-gke.1192000",
              "1.29.5-gke.1121000",
              "1.29.5-gke.1091002",
              "1.29.5-gke.1091001",
              "1.29.5-gke.1091000",
              "1.29.5-gke.1060001",
              "1.29.5-gke.1060000",
              "1.29.5-gke.1010000",
              "1.29.4-gke.1670000",
              "1.29.4-gke.1542000",
              "1.29.4-gke.1447001",
              "1.29.4-gke.1447000",
              "1.29.4-gke.1165000",
              "1.29.4-gke.1043004",
              "1.29.4-gke.1043002",
              "1.29.4-gke.1043001",
              "1.29.4-gke.1043000",
              "1.29.3-gke.1282005",
              "1.29.3-gke.1282001",
              "1.29.3-gke.1282000",
              "1.29.3-gke.1093006",
              "1.29.3-gke.1093000",
              "1.29.2-gke.1521000",
              "1.29.2-gke.1217000",
              "1.29.2-gke.1060000",
              "1.29.1-gke.1589020",
              "1.29.1-gke.1589018",
              "1.29.1-gke.1589017",
              "1.29.1-gke.1589000",
              "1.29.1-gke.1575000",
              "1.29.1-gke.1425000",
              "1.29.1-gke.1016000",
              "1.29.0-gke.1381000",
              "1.28.15-gke.1612000",
              "1.28.15-gke.1503000",
              "1.28.15-gke.1488000",
              "1.28.15-gke.1480000",
              "1.28.15-gke.1435000",
              "1.28.15-gke.1388000",
              "1.28.15-gke.1362000",
              "1.28.15-gke.1344000",
              "1.28.15-gke.1342000",
              "1.28.15-gke.1159000",
              "1.28.15-gke.1080000",
              "1.28.15-gke.1041000",
              "1.28.15-gke.1020000",
              "1.28.15-gke.1015000",
              "1.28.14-gke.1376000",
              "1.28.14-gke.1340000",
              "1.28.14-gke.1217000",
              "1.28.14-gke.1175000",
              "1.28.14-gke.1099000",
              "1.28.14-gke.1004000",
              "1.28.13-gke.1119000",
              "1.28.13-gke.1078000",
              "1.28.13-gke.1049000",
              "1.28.13-gke.1042000",
              "1.28.13-gke.1024000",
              "1.28.13-gke.1006000",
              "1.28.12-gke.1179000",
              "1.28.12-gke.1090000",
              "1.28.12-gke.1052000",
              "1.28.11-gke.1315000",
              "1.28.11-gke.1289000",
              "1.28.11-gke.1260000",
              "1.28.11-gke.1172000",
              "1.28.11-gke.1170000",
              "1.28.11-gke.1019001",
              "1.28.11-gke.1019000",
              "1.28.10-gke.1148001",
              "1.28.10-gke.1148000",
              "1.28.10-gke.1141000",
              "1.28.10-gke.1089002",
              "1.28.10-gke.1089000",
              "1.28.10-gke.1075001",
              "1.28.10-gke.1075000",
              "1.28.10-gke.1058001",
              "1.28.10-gke.1058000",
              "1.28.10-gke.1012000",
              "1.28.9-gke.1289002",
              "1.28.9-gke.1289000",
              "1.28.9-gke.1250000",
              "1.28.9-gke.1209001",
              "1.28.9-gke.1209000",
              "1.28.9-gke.1069002",
              "1.28.9-gke.1069000",
              "1.28.9-gke.1000000",
              "1.28.8-gke.1175000",
              "1.28.8-gke.1095000",
              "1.28.7-gke.1226000",
              "1.28.7-gke.1026001",
              "1.28.7-gke.1026000",
              "1.28.6-gke.1456000",
              "1.28.6-gke.1369000",
              "1.28.6-gke.1289000",
              "1.28.6-gke.1095000",
              "1.28.5-gke.1217000",
              "1.28.4-gke.1083000",
              "1.28.3-gke.1286000",
              "1.28.3-gke.1203001",
              "1.28.3-gke.1203000",
              "1.28.3-gke.1118000",
              "1.28.3-gke.1098000",
              "1.28.3-gke.1090000",
              "1.28.2-gke.1157000",
              "1.27.16-gke.2246000",
              "1.27.16-gke.2142000",
              "1.27.16-gke.2122000",
              "1.27.16-gke.2081000",
              "1.27.16-gke.2051000",
              "1.27.16-gke.2027000",
              "1.27.16-gke.2019000",
              "1.27.16-gke.1836000",
              "1.27.16-gke.1784000",
              "1.27.16-gke.1742000",
              "1.27.16-gke.1712000",
              "1.27.16-gke.1681000",
              "1.27.16-gke.1576000",
              "1.27.16-gke.1478000",
              "1.27.16-gke.1373000",
              "1.27.16-gke.1342000",
              "1.27.16-gke.1296000",
              "1.27.16-gke.1287000",
              "1.27.16-gke.1258000",
              "1.27.16-gke.1234001",
              "1.27.16-gke.1234000",
              "1.27.16-gke.1148001",
              "1.27.16-gke.1148000",
              "1.27.16-gke.1082000",
              "1.27.16-gke.1051001",
              "1.27.16-gke.1051000",
              "1.27.16-gke.1008000",
              "1.27.15-gke.1252000",
              "1.27.15-gke.1154000",
              "1.27.15-gke.1125000",
              "1.27.15-gke.1012003",
              "1.27.15-gke.1012000",
              "1.27.14-gke.1100002",
              "1.27.14-gke.1100000",
              "1.27.14-gke.1093000",
              "1.27.14-gke.1059002",
              "1.27.14-gke.1059001",
              "1.27.14-gke.1059000",
              "1.27.14-gke.1042001",
              "1.27.14-gke.1042000",
              "1.27.14-gke.1022001",
              "1.27.14-gke.1022000",
              "1.27.14-gke.1011000",
              "1.27.13-gke.1201002",
              "1.27.13-gke.1201000",
              "1.27.13-gke.1166001",
              "1.27.13-gke.1166000",
              "1.27.13-gke.1070002",
              "1.27.13-gke.1070000",
              "1.27.13-gke.1000000",
              "1.27.12-gke.1190000",
              "1.27.12-gke.1115000",
              "1.27.11-gke.1202000",
              "1.27.11-gke.1118000",
              "1.27.11-gke.1062004",
              "1.27.11-gke.1062003",
              "1.27.11-gke.1062001",
              "1.27.11-gke.1062000",
              "1.27.11-gke.1018000",
              "1.27.10-gke.1207000",
              "1.27.10-gke.1152000",
              "1.27.10-gke.1055000",
              "1.27.9-gke.1092000",
              "1.27.8-gke.1067004",
              "1.27.8-gke.1067000",
              "1.27.7-gke.1293000",
              "1.27.7-gke.1121002",
              "1.27.7-gke.1121000",
              "1.27.7-gke.1088000",
              "1.27.7-gke.1056000",
              "1.27.7-gke.1038000",
              "1.27.6-gke.1506000",
              "1.27.6-gke.1445000",
              "1.27.6-gke.1248000",
              "1.27.5-gke.200",
              "1.27.4-gke.900",
              "1.27.3-gke.1700",
              "1.27.3-gke.100",
              "1.27.2-gke.2100",
              "1.27.2-gke.1200",
              "1.26.15-gke.1469001",
              "1.26.15-gke.1469000",
              "1.26.15-gke.1436000",
              "1.26.15-gke.1404002",
              "1.26.15-gke.1404000",
              "1.26.15-gke.1390001",
              "1.26.15-gke.1390000",
              "1.26.15-gke.1381001",
              "1.26.15-gke.1381000",
              "1.26.15-gke.1372001",
              "1.26.15-gke.1360000",
              "1.26.15-gke.1320002",
              "1.26.15-gke.1320000",
              "1.26.15-gke.1300001",
              "1.26.15-gke.1300000",
              "1.26.15-gke.1243000",
              "1.26.15-gke.1191001",
              "1.26.15-gke.1191000",
              "1.26.15-gke.1158000",
              "1.26.15-gke.1090004",
              "1.26.15-gke.1090000",
              "1.26.14-gke.1133000",
              "1.26.14-gke.1076000",
              "1.26.14-gke.1044001",
              "1.26.14-gke.1044000",
              "1.26.14-gke.1006000",
              "1.26.13-gke.1189000",
              "1.26.13-gke.1144000",
              "1.26.13-gke.1052000",
              "1.26.12-gke.1111000",
              "1.26.11-gke.1055000",
              "1.26.10-gke.1235000",
              "1.26.10-gke.1101000",
              "1.26.10-gke.1073000",
              "1.26.10-gke.1038000",
              "1.26.10-gke.1024000",
              "1.26.9-gke.1507000",
              "1.26.9-gke.1437000",
              "1.26.8-gke.200",
              "1.26.7-gke.500",
              "1.26.6-gke.1700",
              "1.26.5-gke.2700",
              "1.26.5-gke.2100",
              "1.26.5-gke.1400",
              "1.26.5-gke.1200",
              "1.26.4-gke.1400",
              "1.26.4-gke.500",
              "1.26.3-gke.1000",
              "1.26.3-gke.400",
              "1.26.2-gke.1000",
              "1.26.1-gke.1500",
              "1.25.16-gke.1759000",
              "1.25.16-gke.1711000",
              "1.25.16-gke.1648000",
              "1.25.16-gke.1596000",
              "1.25.16-gke.1570000",
              "1.25.16-gke.1537000",
              "1.25.16-gke.1497000",
              "1.25.16-gke.1460000",
              "1.25.16-gke.1360000",
              "1.25.16-gke.1268000",
              "1.25.16-gke.1041000",
              "1.25.16-gke.1020000",
              "1.25.15-gke.1115000",
              "1.25.15-gke.1083000",
              "1.25.15-gke.1049000",
              "1.25.15-gke.1033000",
              "1.25.14-gke.1474000",
              "1.25.14-gke.1421000",
              "1.25.13-gke.200",
              "1.25.12-gke.500",
              "1.25.11-gke.1700",
              "1.25.10-gke.2700",
              "1.25.10-gke.2100",
              "1.25.10-gke.1400",
              "1.25.10-gke.1200",
              "1.25.9-gke.2300",
              "1.25.9-gke.400",
              "1.25.8-gke.1000",
              "1.25.8-gke.500",
              "1.25.7-gke.1000",
              "1.25.6-gke.1000",
              "1.25.6-gke.200",
              "1.25.5-gke.2000",
              "1.25.5-gke.1500",
              "1.25.4-gke.2100",
              "1.25.3-gke.800",
              "1.24.17-gke.2472000",
              "1.24.17-gke.2364000",
              "1.24.17-gke.2347000",
              "1.24.17-gke.2266000",
              "1.24.17-gke.2230000",
              "1.24.17-gke.2211000",
              "1.24.17-gke.2198000",
              "1.24.17-gke.2155000",
              "1.24.17-gke.2113000",
              "1.24.17-gke.200",
              "1.24.16-gke.500",
              "1.24.15-gke.1700",
              "1.24.14-gke.2700",
              "1.24.14-gke.2100",
              "1.24.14-gke.1400",
              "1.24.14-gke.1200",
              "1.24.13-gke.2500",
              "1.24.13-gke.500",
              "1.24.12-gke.1000",
              "1.24.12-gke.500",
              "1.24.11-gke.1000",
              "1.24.10-gke.2300",
              "1.24.10-gke.1200",
              "1.24.9-gke.3200",
              "1.24.9-gke.2000",
              "1.24.9-gke.1500",
              "1.24.8-gke.2000",
              "1.24.8-gke.401",
              "1.24.7-gke.900",
              "1.24.6-gke.1500",
              "1.24.5-gke.600",
              "1.24.4-gke.800",
              "1.24.3-gke.2100",
              "1.24.3-gke.900",
              "1.24.3-gke.200",
              "1.24.2-gke.1900",
              "1.24.2-gke.300",
              "1.24.1-gke.1800",
              "1.24.1-gke.1400",
              "1.23.17-gke.10700",
              "1.23.17-gke.10000",
              "1.23.17-gke.8400",
              "1.23.17-gke.7700",
              "1.23.17-gke.7000",
              "1.23.17-gke.6800",
              "1.23.17-gke.5600",
              "1.23.17-gke.3600",
              "1.23.17-gke.2000",
              "1.23.17-gke.1700",
              "1.23.17-gke.300",
              "1.23.16-gke.2500",
              "1.23.16-gke.1400",
              "1.23.16-gke.1100",
              "1.23.16-gke.200",
              "1.23.15-gke.1900",
              "1.23.15-gke.1400",
              "1.23.14-gke.1800",
              "1.23.14-gke.401",
              "1.23.13-gke.900",
              "1.23.12-gke.1600",
              "1.23.12-gke.100",
              "1.23.11-gke.300",
              "1.23.10-gke.1000",
              "1.23.9-gke.2100",
              "1.23.9-gke.900",
              "1.23.8-gke.1900",
              "1.23.8-gke.400",
              "1.23.7-gke.1400",
              "1.23.6-gke.2200",
              "1.23.6-gke.1700",
              "1.23.6-gke.1501",
              "1.23.6-gke.1500",
              "1.23.5-gke.2400",
              "1.23.5-gke.1503",
              "1.23.5-gke.1501",
              "1.22.17-gke.14100",
              "1.22.17-gke.13400",
              "1.22.17-gke.12700",
              "1.22.17-gke.11400",
              "1.22.17-gke.9400",
              "1.22.17-gke.8000",
              "1.22.17-gke.7500",
              "1.22.17-gke.6100",
              "1.22.17-gke.5400",
              "1.22.17-gke.4300",
              "1.22.17-gke.4000",
              "1.22.17-gke.3100",
              "1.22.17-gke.1900",
              "1.22.17-gke.1400",
              "1.22.16-gke.2000",
              "1.22.16-gke.1300",
              "1.22.15-gke.2500",
              "1.22.15-gke.1000",
              "1.22.15-gke.100",
              "1.22.14-gke.300",
              "1.22.13-gke.1000",
              "1.22.12-gke.2300",
              "1.22.12-gke.1200",
              "1.22.12-gke.500",
              "1.22.12-gke.300",
              "1.22.11-gke.400",
              "1.22.10-gke.600",
              "1.22.9-gke.2000",
              "1.22.9-gke.1500",
              "1.22.9-gke.1300",
              "1.22.8-gke.2200",
              "1.22.8-gke.202",
              "1.22.8-gke.201",
              "1.22.8-gke.200",
              "1.22.7-gke.1500",
              "1.22.7-gke.1300",
              "1.22.7-gke.900",
              "1.22.7-gke.300",
              "1.22.6-gke.1000",
              "1.22.6-gke.300",
              "1.22.4-gke.1501",
              "1.22.3-gke.1500",
              "1.21.14-gke.18800",
              "1.21.14-gke.18100",
              "1.21.14-gke.15800",
              "1.21.14-gke.14600",
              "1.21.14-gke.14100",
              "1.21.14-gke.8500",
              "1.21.14-gke.7100",
              "1.21.14-gke.5300",
              "1.21.14-gke.4300",
              "1.21.14-gke.3000",
              "1.21.14-gke.2700",
              "1.21.14-gke.2100",
              "1.21.14-gke.700",
              "1.21.13-gke.900",
              "1.21.12-gke.2200",
              "1.21.12-gke.1700",
              "1.21.12-gke.1500",
              "1.21.11-gke.1900",
              "1.21.11-gke.1100",
              "1.21.11-gke.900",
              "1.21.10-gke.2000",
              "1.21.10-gke.1500",
              "1.21.10-gke.1300",
              "1.21.10-gke.400",
              "1.21.9-gke.1002",
              "1.21.9-gke.1001",
              "1.21.9-gke.1000",
              "1.21.9-gke.300",
              "1.21.6-gke.1503",
              "1.21.6-gke.1501",
              "1.21.6-gke.1500",
              "1.21.5-gke.1805",
              "1.21.5-gke.1802",
              "1.21.5-gke.1302",
              "1.21.5-gke.1300",
              "1.21.4-gke.2302",
              "1.21.4-gke.2300",
              "1.21.3-gke.2003",
              "1.21.3-gke.2001",
              "1.20.15-gke.13700",
              "1.20.15-gke.13400",
              "1.20.15-gke.12800",
              "1.20.15-gke.11400",
              "1.20.15-gke.9900",
              "1.20.15-gke.8700",
              "1.20.15-gke.8200",
              "1.20.15-gke.8000",
              "1.20.15-gke.6000",
              "1.20.15-gke.5200",
              "1.20.15-gke.5000",
              "1.20.15-gke.4100",
              "1.20.15-gke.3600",
              "1.20.15-gke.3400",
              "1.20.15-gke.2500",
              "1.20.15-gke.1000",
              "1.20.15-gke.300",
              "1.20.12-gke.1500",
              "1.20.11-gke.1801",
              "1.20.11-gke.1300",
              "1.20.10-gke.2100",
              "1.20.10-gke.1600",
              "1.20.10-gke.301",
              "1.20.9-gke.2100",
              "1.20.9-gke.1001",
              "1.20.9-gke.1000",
              "1.20.9-gke.701",
              "1.20.9-gke.700",
              "1.20.8-gke.2101",
              "1.20.8-gke.2100",
              "1.20.8-gke.900",
              "1.20.8-gke.700",
              "1.20.7-gke.2200",
              "1.20.7-gke.1800",
              "1.20.6-gke.1400",
              "1.20.6-gke.1000",
              "1.19.16-gke.15700",
              "1.19.16-gke.14500",
              "1.19.16-gke.14000",
              "1.19.16-gke.13800",
              "1.19.16-gke.11800",
              "1.19.16-gke.11000",
              "1.19.16-gke.10800",
              "1.19.16-gke.9900",
              "1.19.16-gke.9400",
              "1.19.16-gke.9200",
              "1.19.16-gke.8300",
              "1.19.16-gke.6800",
              "1.19.16-gke.6100",
              "1.19.16-gke.3600",
              "1.19.15-gke.1801",
              "1.19.15-gke.1300",
              "1.19.15-gke.500",
              "1.19.14-gke.2300",
              "1.19.14-gke.1900",
              "1.19.14-gke.301",
              "1.19.14-gke.300",
              "1.19.13-gke.1900",
              "1.19.13-gke.1200",
              "1.19.13-gke.701",
              "1.19.13-gke.700",
              "1.19.12-gke.2101",
              "1.19.12-gke.2100",
              "1.19.12-gke.1100",
              "1.19.12-gke.900",
              "1.19.12-gke.700",
              "1.19.11-gke.2101",
              "1.19.11-gke.2100",
              "1.19.11-gke.1701",
              "1.19.11-gke.1700",
              "1.19.10-gke.1701",
              "1.19.10-gke.1700",
              "1.19.10-gke.1601",
              "1.19.10-gke.1600",
              "1.19.10-gke.1001",
              "1.19.10-gke.1000",
              "1.19.9-gke.1900",
              "1.19.9-gke.1400",
              "1.19.9-gke.700",
              "1.19.9-gke.100",
              "1.19.8-gke.2000",
              "1.19.8-gke.1600",
              "1.19.8-gke.1000",
              "1.19.7-gke.2503",
              "1.19.7-gke.1500",
              "1.19.7-gke.1302",
              "1.19.7-gke.800",
              "1.19.6-gke.1700",
              "1.19.6-gke.1100",
              "1.19.6-gke.600",
              "1.18.20-gke.6101",
              "1.18.20-gke.6000",
              "1.18.20-gke.4501",
              "1.18.20-gke.4500",
              "1.18.20-gke.4100",
              "1.18.20-gke.3300",
              "1.18.20-gke.3001",
              "1.18.20-gke.3000",
              "1.18.20-gke.2300",
              "1.18.20-gke.901",
              "1.18.20-gke.900",
              "1.18.20-gke.501",
              "1.18.19-gke.2101",
              "1.18.19-gke.2100",
              "1.18.19-gke.1701",
              "1.18.19-gke.1700",
              "1.18.18-gke.1701",
              "1.18.18-gke.1700",
              "1.18.18-gke.1101",
              "1.18.18-gke.1100",
              "1.18.17-gke.1901",
              "1.18.17-gke.1900",
              "1.18.17-gke.1201",
              "1.18.17-gke.1200",
              "1.18.17-gke.700",
              "1.18.17-gke.100",
              "1.18.16-gke.2100",
              "1.18.16-gke.1201",
              "1.18.16-gke.1200",
              "1.18.16-gke.502",
              "1.18.16-gke.500",
              "1.18.16-gke.302",
              "1.18.16-gke.300",
              "1.18.15-gke.2500",
              "1.18.15-gke.1502",
              "1.18.15-gke.1501",
              "1.18.15-gke.1500",
              "1.18.15-gke.1102",
              "1.18.15-gke.1100",
              "1.18.15-gke.800",
              "1.18.14-gke.1600",
              "1.18.14-gke.1200",
              "1.18.12-gke.1210",
              "1.18.12-gke.1206",
              "1.18.12-gke.1205",
              "1.18.12-gke.1201",
              "1.18.12-gke.1200",
              "1.18.12-gke.300",
              "1.18.10-gke.2701",
              "1.18.10-gke.2101",
              "1.18.10-gke.1500",
              "1.18.10-gke.601",
              "1.18.9-gke.2501",
              "1.18.9-gke.1501",
              "1.18.9-gke.801",
              "1.18.6-gke.4801",
              "1.18.6-gke.3504",
              "1.18.6-gke.3503",
              "1.17.17-gke.9100",
              "1.17.17-gke.8500",
              "1.17.17-gke.8200",
              "1.17.17-gke.7800",
              "1.17.17-gke.7200",
              "1.17.17-gke.6700",
              "1.17.17-gke.6000",
              "1.17.17-gke.5400",
              "1.17.17-gke.4900",
              "1.17.17-gke.4400",
              "1.17.17-gke.3700",
              "1.17.17-gke.3000",
              "1.17.17-gke.2800",
              "1.17.17-gke.2500",
              "1.17.17-gke.1500",
              "1.17.17-gke.1101",
              "1.17.17-gke.1100",
              "1.17.17-gke.600",
              "1.17.16-gke.1600",
              "1.17.16-gke.1300",
              "1.17.15-gke.800",
              "1.17.15-gke.300",
              "1.17.14-gke.1600",
              "1.17.14-gke.1200",
              "1.17.14-gke.400",
              "1.17.13-gke.2600",
              "1.17.13-gke.2001",
              "1.17.13-gke.1401",
              "1.17.13-gke.1400",
              "1.17.13-gke.600",
              "1.17.12-gke.2502",
              "1.17.12-gke.1504",
              "1.17.12-gke.1501",
              "1.17.12-gke.500",
              "1.17.9-gke.6300",
              "1.17.9-gke.1504",
              "1.16.15-gke.14800",
              "1.16.15-gke.12500",
              "1.16.15-gke.11800",
              "1.16.15-gke.10600",
              "1.16.15-gke.7801",
              "1.16.15-gke.7800",
              "1.16.15-gke.7300",
              "1.16.15-gke.6900",
              "1.16.15-gke.6000",
              "1.16.15-gke.5500",
              "1.16.15-gke.4901",
              "1.16.15-gke.4301",
              "1.16.15-gke.4300",
              "1.16.15-gke.3500",
              "1.16.15-gke.2601",
              "1.16.15-gke.1600",
              "1.16.15-gke.500",
              "1.16.13-gke.404",
              "1.16.13-gke.403",
              "1.16.13-gke.401",
              "1.16.13-gke.400",
              "1.16.13-gke.1",
              "1.16.11-gke.5",
              "1.16.10-gke.8",
              "1.16.9-gke.6",
              "1.16.9-gke.2",
              "1.16.8-gke.15",
              "1.16.8-gke.12",
              "1.16.8-gke.9",
              "1.15.12-gke.6002",
              "1.15.12-gke.6001",
              "1.15.12-gke.5000",
              "1.15.12-gke.4002",
              "1.15.12-gke.4000",
              "1.15.12-gke.20",
              "1.15.12-gke.17",
              "1.15.12-gke.16",
              "1.15.12-gke.13",
              "1.15.12-gke.9",
              "1.15.12-gke.6",
              "1.15.12-gke.3",
              "1.15.12-gke.2",
              "1.15.11-gke.17",
              "1.15.11-gke.15",
              "1.15.11-gke.13",
              "1.15.11-gke.12",
              "1.15.11-gke.11",
              "1.15.11-gke.9",
              "1.15.11-gke.5",
              "1.15.11-gke.3",
              "1.15.11-gke.1",
              "1.15.9-gke.26",
              "1.15.9-gke.24",
              "1.15.9-gke.22",
              "1.15.9-gke.12",
              "1.15.9-gke.9",
              "1.15.9-gke.8",
              "1.15.8-gke.3",
              "1.15.8-gke.2",
              "1.15.7-gke.23",
              "1.15.7-gke.2",
              "1.15.4-gke.22",
              "1.14.10-gke.1504",
              "1.14.10-gke.902",
              "1.14.10-gke.50",
              "1.14.10-gke.46",
              "1.14.10-gke.45",
              "1.14.10-gke.42",
              "1.14.10-gke.41",
              "1.14.10-gke.40",
              "1.14.10-gke.37",
              "1.14.10-gke.36",
              "1.14.10-gke.34",
              "1.14.10-gke.32",
              "1.14.10-gke.31",
              "1.14.10-gke.27",
              "1.14.10-gke.24",
              "1.14.10-gke.22",
              "1.14.10-gke.21",
              "1.14.10-gke.17",
              "1.14.10-gke.0",
              "1.14.9-gke.23",
              "1.14.9-gke.2",
              "1.14.9-gke.0",
              "1.14.8-gke.33",
              "1.14.8-gke.21",
              "1.14.8-gke.18",
              "1.14.8-gke.17",
              "1.14.8-gke.14",
              "1.14.8-gke.12",
              "1.14.8-gke.7",
              "1.14.8-gke.2",
              "1.14.7-gke.40",
              "1.14.7-gke.25",
              "1.14.7-gke.23",
              "1.14.7-gke.17",
              "1.14.7-gke.14",
              "1.14.7-gke.10",
              "1.14.6-gke.13",
              "1.14.6-gke.2",
              "1.14.6-gke.1",
              "1.14.3-gke.11",
              "1.14.3-gke.10",
              "1.14.3-gke.9",
              "1.14.2-gke.9",
              "1.14.1-gke.5",
              "1.13.12-gke.30",
              "1.13.12-gke.25",
              "1.13.12-gke.17",
              "1.13.12-gke.16",
              "1.13.12-gke.14",
              "1.13.12-gke.13",
              "1.13.12-gke.10",
              "1.13.12-gke.8",
              "1.13.12-gke.4",
              "1.13.12-gke.2",
              "1.13.11-gke.23",
              "1.13.11-gke.15",
              "1.13.11-gke.14",
              "1.13.11-gke.12",
              "1.13.11-gke.11",
              "1.13.11-gke.9",
              "1.13.11-gke.5",
              "1.13.10-gke.7",
              "1.13.10-gke.0",
              "1.13.9-gke.11",
              "1.13.9-gke.3",
              "1.13.7-gke.24",
              "1.13.7-gke.19",
              "1.13.7-gke.15",
              "1.13.7-gke.8",
              "1.13.7-gke.0",
              "1.13.6-gke.13",
              "1.13.6-gke.6",
              "1.13.6-gke.5",
              "1.13.6-gke.0",
              "1.13.5-gke.10",
              "1.12.10-gke.22",
              "1.12.10-gke.20",
              "1.12.10-gke.19",
              "1.12.10-gke.18",
              "1.12.10-gke.17",
              "1.12.10-gke.15",
              "1.12.10-gke.13",
              "1.12.10-gke.11",
              "1.12.10-gke.5",
              "1.12.9-gke.16",
              "1.12.9-gke.15",
              "1.12.9-gke.13",
              "1.12.9-gke.10",
              "1.12.9-gke.7",
              "1.12.9-gke.3",
              "1.12.8-gke.12",
              "1.12.8-gke.10",
              "1.12.8-gke.7",
              "1.12.8-gke.6",
              "1.12.7-gke.26",
              "1.12.7-gke.25",
              "1.12.7-gke.24",
              "1.12.7-gke.22",
              "1.12.7-gke.21",
              "1.12.7-gke.17",
              "1.12.7-gke.10",
              "1.12.7-gke.7",
              "1.12.6-gke.11",
              "1.12.6-gke.10",
              "1.12.6-gke.7",
              "1.12.5-gke.10",
              "1.12.5-gke.5",
              "1.11.10-gke.6",
              "1.11.10-gke.5"
            ],
            "version_prefix": null
          },
          "sensitive_attributes": []
        }
      ]
    },
    {
      "module": "module.gke",
      "mode": "managed",
      "type": "google_container_cluster",
      "name": "primary",
      "provider": "provider[\"registry.terraform.io/hashicorp/google\"]",
      "instances": [
        {
          "schema_version": 2,
          "attributes": {
            "addons_config": [
              {
                "cloudrun_config": [],
                "config_connector_config": [
                  {
                    "enabled": false
                  }
                ],
                "dns_cache_config": [
                  {
                    "enabled": false
                  }
                ],
                "gce_persistent_disk_csi_driver_config": [
                  {
                    "enabled": true
                  }
                ],
                "gcp_filestore_csi_driver_config": [
                  {
                    "enabled": false
                  }
                ],
                "gcs_fuse_csi_driver_config": [],
                "gke_backup_agent_config": [
                  {
                    "enabled": false
                  }
                ],
                "horizontal_pod_autoscaling": [
                  {
                    "disabled": false
                  }
                ],
                "http_load_balancing": [
                  {
                    "disabled": false
                  }
                ],
                "network_policy_config": [
                  {
                    "disabled": true
                  }
                ],
                "parallelstore_csi_driver_config": [],
                "ray_operator_config": [],
                "stateful_ha_config": []
              }
            ],
            "allow_net_admin": null,
            "authenticator_groups_config": [],
            "binary_authorization": [
              {
                "enabled": false,
                "evaluation_mode": ""
              }
            ],
            "cluster_autoscaling": [
              {
                "auto_provisioning_defaults": [],
                "auto_provisioning_locations": [],
                "autoscaling_profile": "BALANCED",
                "enabled": false,
                "resource_limits": []
              }
            ],
            "cluster_ipv4_cidr": "10.8.0.0/14",
            "confidential_nodes": [],
            "control_plane_endpoints_config": [
              {
                "dns_endpoint_config": [
                  {
                    "allow_external_traffic": false,
                    "endpoint": "gke-4d5ab430314a4762a58ec572896f062e750d-67236437453.us-central1.gke.goog"
                  }
                ]
              }
            ],
            "cost_management_config": [],
            "database_encryption": [
              {
                "key_name": "",
                "state": "DECRYPTED"
              }
            ],
            "datapath_provider": "",
            "default_max_pods_per_node": 110,
            "default_snat_status": [
              {
                "disabled": false
              }
            ],
            "deletion_protection": true,
            "description": "",
            "dns_config": [],
            "effective_labels": {
              "goog-terraform-provisioned": "true"
            },
            "enable_autopilot": false,
            "enable_cilium_clusterwide_network_policy": false,
            "enable_fqdn_network_policy": false,
            "enable_intranode_visibility": false,
            "enable_k8s_beta_apis": [],
            "enable_kubernetes_alpha": false,
            "enable_l4_ilb_subsetting": false,
            "enable_legacy_abac": false,
            "enable_multi_networking": false,
            "enable_shielded_nodes": true,
            "enable_tpu": false,
            "endpoint": "34.60.27.97",
            "enterprise_config": [
              {
                "cluster_tier": "STANDARD",
                "desired_tier": ""
              }
            ],
            "fleet": [],
            "gateway_api_config": [],
            "id": "projects/developer-test-02/locations/us-central1/clusters/my-gke-cluster-pulumi",
            "identity_service_config": [
              {
                "enabled": false
              }
            ],
            "initial_node_count": 0,
            "ip_allocation_policy": [
              {
                "additional_pod_ranges_config": [],
                "cluster_ipv4_cidr_block": "10.8.0.0/14",
                "cluster_secondary_range_name": "gke-my-gke-cluster-pulumi-pods-4d5ab430",
                "pod_cidr_overprovision_config": [
                  {
                    "disabled": false
                  }
                ],
                "services_ipv4_cidr_block": "34.118.224.0/20",
                "services_secondary_range_name": "",
                "stack_type": "IPV4"
              }
            ],
            "label_fingerprint": "78cdf2f6",
            "location": "us-central1",
            "logging_config": [
              {
                "enable_components": [
                  "SYSTEM_COMPONENTS",
                  "WORKLOADS"
                ]
              }
            ],
            "logging_service": "logging.googleapis.com/kubernetes",
            "maintenance_policy": [
              {
                "daily_maintenance_window": [
                  {
                    "duration": "PT4H0M0S",
                    "start_time": "05:00"
                  }
                ],
                "maintenance_exclusion": [],
                "recurring_window": []
              }
            ],
            "master_auth": [
              {
                "client_certificate": "",
                "client_certificate_config": [
                  {
                    "issue_client_certificate": false
                  }
                ],
                "client_key": "",
                "cluster_ca_certificate": "LS0tLS1CRUdJTiBDRVJUSUZJQ0FURS0tLS0tCk1JSUVMRENDQXBTZ0F3SUJBZ0lRQVhGekU4T2lzQkxKcTZ3YXV6MmdBVEFOQmdrcWhraUc5dzBCQVFzRkFEQXYKTVMwd0t3WURWUVFERXlSaVkyWXhaV0kwWkMwM1lXRm1MVFJpWkRNdE9XUTVZUzAyTnpoalpqY3pOekprTkRndwpJQmNOTWpVd01USXhNRFExTkRFMFdoZ1BNakExTlRBeE1UUXdOVFUwTVRSYU1DOHhMVEFyQmdOVkJBTVRKR0pqClpqRmxZalJrTFRkaFlXWXROR0prTXkwNVpEbGhMVFkzT0dObU56TTNNbVEwT0RDQ0FhSXdEUVlKS29aSWh2Y04KQVFFQkJRQURnZ0dQQURDQ0FZb0NnZ0dCQUxPKzFHdUNhTTQvNGh0RU9vTkZFS25rYklON3ozWExiU2lUdm1sawpEcDVyRWJBdXhwVzB5cnhTZjFMTnZiRzJRZW1nYVUwNGNoQitVOFBIdU5UdDRLcWx3Zy9zSmV3R0tUdDhuYnoxCmNnZmZ5NXpWZkVKSVNDZkZTdjFKdGt5OWh5VVQxKzhCS01wNHFEY3MwNGUvYy96d0prWEJ1aVJETGdoaGU5dG4KMlNSZDkvVzVSOTA3MC9PQkdMYUNrOFR3U3FFYzR0VDYzMWQvbXVsM2ZIeEczZ01NN0JLQkR1cjFvcUtWYzJobwoyV0JMTUlQaS8wUG5yd0VHZ3FsdkRQVlpRVnd2MGdvQmdOVjIxSDF0M0NSYkZlR2FiaUdVUXRhQWJQOVFPdmJ5Ck1hZ2wzNnRHcTA4QlVnM0x6NnhnMk4wM2FVR2dGbWNOVjRUYXFCaitlb1hGUE1Sa0VBbjF6VWMvQi9KTlRLekkKR2ZxcE5iVkRZS1hJTEZPNjkwNUt1VUY2WTl4RTZtR0ptcmFIb0J4WTMyRFI1MTliTnp1THNsc3N0T2VaR2ZlRQpLQ1FyM2VxaHVGZkRUaWNIRVAvSTFmYzJMd0Jsajl4eVBya3BUVkJxUW13UGZIaGhHVEc3V2JQY2VUVzJqeWN2ClBGTGF0UEEwSDFIQmp1dmY5TXZEdHQvdGR3SURBUUFCbzBJd1FEQU9CZ05WSFE4QkFmOEVCQU1DQWdRd0R3WUQKVlIwVEFRSC9CQVV3QXdFQi96QWRCZ05WSFE0RUZnUVV1Q0FEVEdQZERIeFJ4SlZ2YWhGZjhrUWQvUWt3RFFZSgpLb1pJaHZjTkFRRUxCUUFEZ2dHQkFDNUF3RkpzN0YyOW9HMEZNeWtpNWpQS3VvN2I1WldQemUraDlVVC9wV1FkClg5dWttdTlsbUJQVi9XR1o3MGhidkJSZXdnYjIybjZic25sVllvM1RCNFdBODhIUGt3WCtIVVVTVjBqSG00OGoKUVNIWVhGYlhCaXFlZEZCQXU2MUk3b0V3V1F0QnJsbTZ3M2o5S1lBSlg0WlIrOHorUjdubS9HL3lMZElqSS9XYgpOTVVWTllzTUJLaitXdnlNR0dKNDFqZk9mMzRnY1lYSERKK1g5c2JYbVBGaFF1TnNkazFUWG9IRFlnSHYxTWk4CkpPeHE3SzNZYTVLcUFRdW9sN2NkM2FLendZVzBOOXlvWlhiQ2RnV0psSDloWWRSRmNXRXQ1U2NTS1F1QlRONkoKcUZyQUlwdXJ4bWlpUXl2YnVpRHpjUjdMUkI1c2RhOUdPcTJaaEp3RzMyZC9RZVR5YTJKbEhiOXQrWXBXNmhtcwpTQWlLRmxmdVNzRFIzTkRiYk9GK0lweTFZNm53RGF1SDZOSjNiS3FDUHI5dVhCV1VsR3FlVm05eVQrdENkYWhOCnFWVG56T2w4YzR0Zk9nN1lURnVxT0psb1RYbHJDTEdJVGFLaDdYSzFVSnhnTmpFcnZZS1ZrVVJGaSszc2RGZXUKaHloa2VPbUE1cHFBbjd0MEgzM1Vndz09Ci0tLS0tRU5EIENFUlRJRklDQVRFLS0tLS0K"
              }
            ],
            "master_authorized_networks_config": [],
            "master_version": "1.30.8-gke.1051000",
            "mesh_certificates": [
              {
                "enable_certificates": false
              }
            ],
            "min_master_version": null,
            "monitoring_config": [
              {
                "advanced_datapath_observability_config": [
                  {
                    "enable_metrics": false,
                    "enable_relay": false
                  }
                ],
                "enable_components": [
                  "SYSTEM_COMPONENTS",
                  "POD",
                  "DAEMONSET",
                  "DEPLOYMENT",
                  "STATEFULSET",
                  "STORAGE",
                  "HPA",
                  "CADVISOR",
                  "KUBELET"
                ],
                "managed_prometheus": [
                  {
                    "enabled": true
                  }
                ]
              }
            ],
            "monitoring_service": "monitoring.googleapis.com/kubernetes",
            "name": "my-gke-cluster-pulumi",
            "network": "projects/developer-test-02/global/networks/default",
            "network_policy": [
              {
                "enabled": false,
                "provider": "PROVIDER_UNSPECIFIED"
              }
            ],
            "networking_mode": "VPC_NATIVE",
            "node_config": [],
            "node_locations": [
              "us-central1-a",
              "us-central1-b",
              "us-central1-f"
            ],
            "node_pool": [],
            "node_pool_auto_config": [],
            "node_pool_defaults": [
              {
                "node_config_defaults": [
                  {
                    "containerd_config": [],
                    "gcfs_config": [
                      {
                        "enabled": false
                      }
                    ],
                    "insecure_kubelet_readonly_port_enabled": "FALSE",
                    "logging_variant": "DEFAULT"
                  }
                ]
              }
            ],
            "node_version": "1.30.8-gke.1051000",
            "notification_config": [
              {
                "pubsub": [
                  {
                    "enabled": false,
                    "filter": [],
                    "topic": ""
                  }
                ]
              }
            ],
            "operation": null,
            "private_cluster_config": [
              {
                "enable_private_endpoint": false,
                "enable_private_nodes": false,
                "master_global_access_config": [
                  {
                    "enabled": false
                  }
                ],
                "master_ipv4_cidr_block": "",
                "peering_name": "",
                "private_endpoint": "10.128.0.10",
                "private_endpoint_subnetwork": "",
                "public_endpoint": "34.60.27.97"
              }
            ],
            "private_ipv6_google_access": "",
            "project": "developer-test-02",
            "release_channel": [
              {
                "channel": "REGULAR"
              }
            ],
            "remove_default_node_pool": true,
            "resource_labels": null,
            "resource_usage_export_config": [],
            "secret_manager_config": [
              {
                "enabled": false
              }
            ],
            "security_posture_config": [
              {
                "mode": "DISABLED",
                "vulnerability_mode": "VULNERABILITY_DISABLED"
              }
            ],
            "self_link": "https://container.googleapis.com/v1/projects/developer-test-02/locations/us-central1/clusters/my-gke-cluster-pulumi",
            "service_external_ips_config": [
              {
                "enabled": false
              }
            ],
            "services_ipv4_cidr": "34.118.224.0/20",
            "subnetwork": "projects/developer-test-02/regions/us-central1/subnetworks/default",
            "terraform_labels": {
              "goog-terraform-provisioned": "true"
            },
            "timeouts": {
              "create": "45m",
              "delete": "45m",
              "read": null,
              "update": "45m"
            },
            "tpu_ipv4_cidr_block": "",
            "user_managed_keys_config": [],
            "vertical_pod_autoscaling": [
              {
                "enabled": false
              }
            ],
            "workload_identity_config": [
              {
                "workload_pool": "developer-test-02.svc.id.goog"
              }
            ]
          },
          "sensitive_attributes": [],
          "private": "eyJlMmJmYjczMC1lY2FhLTExZTYtOGY4OC0zNDM2M2JjN2M0YzAiOnsiY3JlYXRlIjoyNzAwMDAwMDAwMDAwLCJkZWxldGUiOjI3MDAwMDAwMDAwMDAsInJlYWQiOjI0MDAwMDAwMDAwMDAsInVwZGF0ZSI6MjcwMDAwMDAwMDAwMH0sInNjaGVtYV92ZXJzaW9uIjoiMiJ9",
          "dependencies": [
            "module.gke.data.google_compute_zones.available",
            "module.gke.data.google_container_engine_versions.region",
            "module.gke.data.google_container_engine_versions.zone",
            "module.gke.google_service_account.cluster_service_account",
            "module.gke.random_shuffle.available_zones",
            "module.gke.random_string.cluster_service_account_suffix"
          ]
        }
      ]
    },
    {
      "module": "module.gke",
      "mode": "managed",
      "type": "google_container_node_pool",
      "name": "pools",
      "provider": "provider[\"registry.terraform.io/hashicorp/google\"]",
      "instances": [
        {
          "index_key": "default-node-pool",
          "schema_version": 1,
          "attributes": {
            "autoscaling": [
              {
                "location_policy": "BALANCED",
                "max_node_count": 3,
                "min_node_count": 1,
                "total_max_node_count": 0,
                "total_min_node_count": 0
              }
            ],
            "cluster": "my-gke-cluster-pulumi",
            "id": "projects/developer-test-02/locations/us-central1/clusters/my-gke-cluster-pulumi/nodePools/default-node-pool",
            "initial_node_count": 1,
            "instance_group_urls": [
              "https://www.googleapis.com/compute/v1/projects/developer-test-02/zones/us-central1-a/instanceGroupManagers/gke-my-gke-cluster-p-default-node-poo-75ea923f-grp",
              "https://www.googleapis.com/compute/v1/projects/developer-test-02/zones/us-central1-b/instanceGroupManagers/gke-my-gke-cluster-p-default-node-poo-b9f105a3-grp",
              "https://www.googleapis.com/compute/v1/projects/developer-test-02/zones/us-central1-f/instanceGroupManagers/gke-my-gke-cluster-p-default-node-poo-336b6e46-grp"
            ],
            "location": "us-central1",
            "managed_instance_group_urls": [
              "https://www.googleapis.com/compute/v1/projects/developer-test-02/zones/us-central1-a/instanceGroups/gke-my-gke-cluster-p-default-node-poo-75ea923f-grp",
              "https://www.googleapis.com/compute/v1/projects/developer-test-02/zones/us-central1-b/instanceGroups/gke-my-gke-cluster-p-default-node-poo-b9f105a3-grp",
              "https://www.googleapis.com/compute/v1/projects/developer-test-02/zones/us-central1-f/instanceGroups/gke-my-gke-cluster-p-default-node-poo-336b6e46-grp"
            ],
            "management": [
              {
                "auto_repair": true,
                "auto_upgrade": true
              }
            ],
            "max_pods_per_node": 110,
            "name": "default-node-pool",
            "name_prefix": "",
            "network_config": [
              {
                "additional_node_network_configs": [],
                "additional_pod_network_configs": [],
                "create_pod_range": false,
                "enable_private_nodes": false,
                "network_performance_config": [],
                "pod_cidr_overprovision_config": [],
                "pod_ipv4_cidr_block": "10.8.0.0/14",
                "pod_range": "gke-my-gke-cluster-pulumi-pods-4d5ab430"
              }
            ],
            "node_config": [
              {
                "advanced_machine_features": [],
                "boot_disk_kms_key": "",
                "confidential_nodes": [],
                "containerd_config": [],
                "disk_size_gb": 100,
                "disk_type": "pd-standard",
                "effective_taints": [],
                "enable_confidential_storage": false,
                "ephemeral_storage_local_ssd_config": [],
                "fast_socket": [],
                "gcfs_config": [],
                "guest_accelerator": [],
                "gvnic": [],
                "host_maintenance_policy": [],
                "image_type": "COS_CONTAINERD",
                "kubelet_config": [
                  {
                    "cpu_cfs_quota": false,
                    "cpu_cfs_quota_period": "",
                    "cpu_manager_policy": "",
                    "insecure_kubelet_readonly_port_enabled": "TRUE",
                    "pod_pids_limit": 0
                  }
                ],
                "labels": {
                  "cluster_name": "my-gke-cluster-pulumi",
                  "node_pool": "default-node-pool"
                },
                "linux_node_config": [],
                "local_nvme_ssd_block_config": [],
                "local_ssd_count": 0,
                "local_ssd_encryption_mode": "",
                "logging_variant": "DEFAULT",
                "machine_type": "e2-medium",
                "metadata": {
                  "cluster_name": "my-gke-cluster-pulumi",
                  "disable-legacy-endpoints": "true",
                  "node_pool": "default-node-pool"
                },
                "min_cpu_platform": "",
                "node_group": "",
                "oauth_scopes": [
                  "https://www.googleapis.com/auth/cloud-platform"
                ],
                "preemptible": false,
                "reservation_affinity": [],
                "resource_labels": null,
                "resource_manager_tags": null,
                "secondary_boot_disks": [],
                "service_account": "tf-gke-my-gke-cluster--6sof@developer-test-02.iam.gserviceaccount.com",
                "shielded_instance_config": [
                  {
                    "enable_integrity_monitoring": true,
                    "enable_secure_boot": false
                  }
                ],
                "sole_tenant_config": [],
                "spot": false,
                "storage_pools": null,
                "tags": [
                  "gke-my-gke-cluster-pulumi",
                  "gke-my-gke-cluster-pulumi-default-node-pool"
                ],
                "taint": [],
                "workload_metadata_config": [
                  {
                    "mode": "GKE_METADATA"
                  }
                ]
              }
            ],
            "node_count": 1,
            "node_locations": [
              "us-central1-a",
              "us-central1-b",
              "us-central1-f"
            ],
            "operation": null,
            "placement_policy": [],
            "project": "developer-test-02",
            "queued_provisioning": [],
            "timeouts": {
              "create": "45m",
              "delete": "45m",
              "update": "45m"
            },
            "upgrade_settings": [
              {
                "blue_green_settings": [],
                "max_surge": 1,
                "max_unavailable": 0,
                "strategy": "SURGE"
              }
            ],
            "version": "1.30.8-gke.1051000"
          },
          "sensitive_attributes": [],
          "private": "eyJlMmJmYjczMC1lY2FhLTExZTYtOGY4OC0zNDM2M2JjN2M0YzAiOnsiY3JlYXRlIjoyNzAwMDAwMDAwMDAwLCJkZWxldGUiOjI3MDAwMDAwMDAwMDAsInVwZGF0ZSI6MjcwMDAwMDAwMDAwMH0sInNjaGVtYV92ZXJzaW9uIjoiMSJ9",
          "dependencies": [
            "module.gke.data.google_compute_zones.available",
            "module.gke.data.google_container_engine_versions.region",
            "module.gke.data.google_container_engine_versions.zone",
            "module.gke.google_container_cluster.primary",
            "module.gke.google_service_account.cluster_service_account",
            "module.gke.random_shuffle.available_zones",
            "module.gke.random_string.cluster_service_account_suffix"
          ]
        }
      ]
    },
    {
      "module": "module.gke",
      "mode": "managed",
      "type": "google_project_iam_member",
      "name": "cluster_service_account_metric_writer",
      "provider": "provider[\"registry.terraform.io/hashicorp/google\"]",
      "instances": [
        {
          "index_key": 0,
          "schema_version": 0,
          "attributes": {
            "condition": [],
            "etag": "BwYsMQHkMzk=",
            "id": "developer-test-02/roles/monitoring.metricWriter/serviceAccount:tf-gke-my-gke-cluster--6sof@developer-test-02.iam.gserviceaccount.com",
            "member": "serviceAccount:tf-gke-my-gke-cluster--6sof@developer-test-02.iam.gserviceaccount.com",
            "project": "developer-test-02",
            "role": "roles/monitoring.metricWriter"
          },
          "sensitive_attributes": [],
          "private": "bnVsbA==",
          "dependencies": [
            "module.gke.google_service_account.cluster_service_account",
            "module.gke.random_string.cluster_service_account_suffix"
          ]
        }
      ]
    },
    {
      "module": "module.gke",
      "mode": "managed",
      "type": "google_project_iam_member",
      "name": "cluster_service_account_node_service_account",
      "provider": "provider[\"registry.terraform.io/hashicorp/google\"]",
      "instances": [
        {
          "index_key": 0,
          "schema_version": 0,
          "attributes": {
            "condition": [],
            "etag": "BwYsMQHkMzk=",
            "id": "developer-test-02/roles/container.defaultNodeServiceAccount/serviceAccount:tf-gke-my-gke-cluster--6sof@developer-test-02.iam.gserviceaccount.com",
            "member": "serviceAccount:tf-gke-my-gke-cluster--6sof@developer-test-02.iam.gserviceaccount.com",
            "project": "developer-test-02",
            "role": "roles/container.defaultNodeServiceAccount"
          },
          "sensitive_attributes": [],
          "private": "bnVsbA==",
          "dependencies": [
            "module.gke.google_service_account.cluster_service_account",
            "module.gke.random_string.cluster_service_account_suffix"
          ]
        }
      ]
    },
    {
      "module": "module.gke",
      "mode": "managed",
      "type": "google_project_iam_member",
      "name": "cluster_service_account_resource_metadata_writer",
      "provider": "provider[\"registry.terraform.io/hashicorp/google\"]",
      "instances": [
        {
          "index_key": 0,
          "schema_version": 0,
          "attributes": {
            "condition": [],
            "etag": "BwYsMQHkMzk=",
            "id": "developer-test-02/roles/stackdriver.resourceMetadata.writer/serviceAccount:tf-gke-my-gke-cluster--6sof@developer-test-02.iam.gserviceaccount.com",
            "member": "serviceAccount:tf-gke-my-gke-cluster--6sof@developer-test-02.iam.gserviceaccount.com",
            "project": "developer-test-02",
            "role": "roles/stackdriver.resourceMetadata.writer"
          },
          "sensitive_attributes": [],
          "private": "bnVsbA==",
          "dependencies": [
            "module.gke.google_service_account.cluster_service_account",
            "module.gke.random_string.cluster_service_account_suffix"
          ]
        }
      ]
    },
    {
      "module": "module.gke",
      "mode": "managed",
      "type": "google_service_account",
      "name": "cluster_service_account",
      "provider": "provider[\"registry.terraform.io/hashicorp/google\"]",
      "instances": [
        {
          "index_key": 0,
          "schema_version": 0,
          "attributes": {
            "account_id": "tf-gke-my-gke-cluster--6sof",
            "create_ignore_already_exists": null,
            "description": "",
            "disabled": false,
            "display_name": "Terraform-managed service account for cluster my-gke-cluster-pulumi",
            "email": "tf-gke-my-gke-cluster--6sof@developer-test-02.iam.gserviceaccount.com",
            "id": "projects/developer-test-02/serviceAccounts/tf-gke-my-gke-cluster--6sof@developer-test-02.iam.gserviceaccount.com",
            "member": "serviceAccount:tf-gke-my-gke-cluster--6sof@developer-test-02.iam.gserviceaccount.com",
            "name": "projects/developer-test-02/serviceAccounts/tf-gke-my-gke-cluster--6sof@developer-test-02.iam.gserviceaccount.com",
            "project": "developer-test-02",
            "timeouts": null,
            "unique_id": "101856092309373854650"
          },
          "sensitive_attributes": [],
          "private": "eyJlMmJmYjczMC1lY2FhLTExZTYtOGY4OC0zNDM2M2JjN2M0YzAiOnsiY3JlYXRlIjozMDAwMDAwMDAwMDB9fQ==",
          "dependencies": [
            "module.gke.random_string.cluster_service_account_suffix"
          ]
        }
      ]
    },
    {
      "module": "module.gke",
      "mode": "managed",
      "type": "random_shuffle",
      "name": "available_zones",
      "provider": "provider[\"registry.terraform.io/hashicorp/random\"]",
      "instances": [
        {
          "index_key": 0,
          "schema_version": 0,
          "attributes": {
            "id": "-",
            "input": [
              "us-central1-a",
              "us-central1-b",
              "us-central1-c",
              "us-central1-f"
            ],
            "keepers": null,
            "result": [
              "us-central1-b",
              "us-central1-a",
              "us-central1-f"
            ],
            "result_count": 3,
            "seed": null
          },
          "sensitive_attributes": [],
          "dependencies": [
            "module.gke.data.google_compute_zones.available"
          ]
        }
      ]
    },
    {
      "module": "module.gke",
      "mode": "managed",
      "type": "random_string",
      "name": "cluster_service_account_suffix",
      "provider": "provider[\"registry.terraform.io/hashicorp/random\"]",
      "instances": [
        {
          "index_key": 0,
          "schema_version": 2,
          "attributes": {
            "id": "6sof",
            "keepers": null,
            "length": 4,
            "lower": true,
            "min_lower": 0,
            "min_numeric": 0,
            "min_special": 0,
            "min_upper": 0,
            "number": true,
            "numeric": true,
            "override_special": null,
            "result": "6sof",
            "special": false,
            "upper": false
          },
          "sensitive_attributes": []
        }
      ]
    }
  ],
  "check_results": null
}
